// !$*UTF8*$!
{
	archiveVersion = 1;
	classes = {
	};
	objectVersion = 46;
	objects = {

/* Begin PBXBuildFile section */
		F96FD2531C8173B8004A4112 /* AppDelegate.swift in Sources */ = {isa = PBXBuildFile; fileRef = F96FD2521C8173B8004A4112 /* AppDelegate.swift */; };
		F96FD2551C8173B8004A4112 /* ViewController.swift in Sources */ = {isa = PBXBuildFile; fileRef = F96FD2541C8173B8004A4112 /* ViewController.swift */; };
		F96FD2581C8173B8004A4112 /* Main.storyboard in Resources */ = {isa = PBXBuildFile; fileRef = F96FD2561C8173B8004A4112 /* Main.storyboard */; };
		F96FD25A1C8173B8004A4112 /* Assets.xcassets in Resources */ = {isa = PBXBuildFile; fileRef = F96FD2591C8173B8004A4112 /* Assets.xcassets */; };
		F96FD25D1C8173B8004A4112 /* LaunchScreen.storyboard in Resources */ = {isa = PBXBuildFile; fileRef = F96FD25B1C8173B8004A4112 /* LaunchScreen.storyboard */; };
/* End PBXBuildFile section */

/* Begin PBXFileReference section */
		F96FD24F1C8173B8004A4112 /* URL schemes.app */ = {isa = PBXFileReference; explicitFileType = wrapper.application; includeInIndex = 0; path = "URL schemes.app"; sourceTree = BUILT_PRODUCTS_DIR; };
		F96FD2521C8173B8004A4112 /* AppDelegate.swift */ = {isa = PBXFileReference; lastKnownFileType = sourcecode.swift; path = AppDelegate.swift; sourceTree = "<group>"; };
		F96FD2541C8173B8004A4112 /* ViewController.swift */ = {isa = PBXFileReference; lastKnownFileType = sourcecode.swift; path = ViewController.swift; sourceTree = "<group>"; };
		F96FD2571C8173B8004A4112 /* Base */ = {isa = PBXFileReference; lastKnownFileType = file.storyboard; name = Base; path = Base.lproj/Main.storyboard; sourceTree = "<group>"; };
		F96FD2591C8173B8004A4112 /* Assets.xcassets */ = {isa = PBXFileReference; lastKnownFileType = folder.assetcatalog; path = Assets.xcassets; sourceTree = "<group>"; };
		F96FD25C1C8173B8004A4112 /* Base */ = {isa = PBXFileReference; lastKnownFileType = file.storyboard; name = Base; path = Base.lproj/LaunchScreen.storyboard; sourceTree = "<group>"; };
		F96FD25E1C8173B8004A4112 /* Info.plist */ = {isa = PBXFileReference; lastKnownFileType = text.plist.xml; path = Info.plist; sourceTree = "<group>"; };
/* End PBXFileReference section */

/* Begin PBXFrameworksBuildPhase section */
		F96FD24C1C8173B8004A4112 /* Frameworks */ = {
			isa = PBXFrameworksBuildPhase;
			buildActionMask = 2147483647;
			files = (
			);
			runOnlyForDeploymentPostprocessing = 0;
		};
/* End PBXFrameworksBuildPhase section */

/* Begin PBXGroup section */
		F96FD2461C8173B8004A4112 = {
			isa = PBXGroup;
			children = (
				F96FD2511C8173B8004A4112 /* URL schemes */,
				F96FD2501C8173B8004A4112 /* Products */,
			);
			sourceTree = "<group>";
		};
		F96FD2501C8173B8004A4112 /* Products */ = {
			isa = PBXGroup;
			children = (
				F96FD24F1C8173B8004A4112 /* URL schemes.app */,
			);
			name = Products;
			sourceTree = "<group>";
		};
		F96FD2511C8173B8004A4112 /* URL schemes */ = {
			isa = PBXGroup;
			children = (
				F96FD2521C8173B8004A4112 /* AppDelegate.swift */,
				F96FD2541C8173B8004A4112 /* ViewController.swift */,
				F96FD2561C8173B8004A4112 /* Main.storyboard */,
				F96FD2591C8173B8004A4112 /* Assets.xcassets */,
				F96FD25B1C8173B8004A4112 /* LaunchScreen.storyboard */,
				F96FD25E1C8173B8004A4112 /* Info.plist */,
			);
			path = "URL schemes";
			sourceTree = "<group>";
		};
/* End PBXGroup section */

/* Begin PBXNativeTarget section */
		F96FD24E1C8173B8004A4112 /* URL schemes */ = {
			isa = PBXNativeTarget;
			buildConfigurationList = F96FD2611C8173B8004A4112 /* Build configuration list for PBXNativeTarget "URL schemes" */;
			buildPhases = (
				F96FD24B1C8173B8004A4112 /* Sources */,
				F96FD24C1C8173B8004A4112 /* Frameworks */,
				F96FD24D1C8173B8004A4112 /* Resources */,
			);
			buildRules = (
			);
			dependencies = (
			);
			name = "URL schemes";
			productName = "URL schemes";
			productReference = F96FD24F1C8173B8004A4112 /* URL schemes.app */;
			productType = "com.apple.product-type.application";
		};
/* End PBXNativeTarget section */

/* Begin PBXProject section */
		F96FD2471C8173B8004A4112 /* Project object */ = {
			isa = PBXProject;
			attributes = {
				LastSwiftUpdateCheck = 0720;
				LastUpgradeCheck = 0720;
				ORGANIZATIONNAME = qimuyunduan;
				TargetAttributes = {
					F96FD24E1C8173B8004A4112 = {
						CreatedOnToolsVersion = 7.2.1;
					};
				};
			};
			buildConfigurationList = F96FD24A1C8173B8004A4112 /* Build configuration list for PBXProject "URL schemes" */;
			compatibilityVersion = "Xcode 3.2";
			developmentRegion = English;
			hasScannedForEncodings = 0;
			knownRegions = (
				en,
				Base,
			);
			mainGroup = F96FD2461C8173B8004A4112;
			productRefGroup = F96FD2501C8173B8004A4112 /* Products */;
			projectDirPath = "";
			projectRoot = "";
			targets = (
				F96FD24E1C8173B8004A4112 /* URL schemes */,
			);
		};
/* End PBXProject section */

/* Begin PBXResourcesBuildPhase section */
		F96FD24D1C8173B8004A4112 /* Resources */ = {
			isa = PBXResourcesBuildPhase;
			buildActionMask = 2147483647;
			files = (
				F96FD25D1C8173B8004A4112 /* LaunchScreen.storyboard in Resources */,
				F96FD25A1C8173B8004A4112 /* Assets.xcassets in Resources */,
				F96FD2581C8173B8004A4112 /* Main.storyboard in Resources */,
			);
			runOnlyForDeploymentPostprocessing = 0;
		};
/* End PBXResourcesBuildPhase section */

/* Begin PBXSourcesBuildPhase section */
		F96FD24B1C8173B8004A4112 /* Sources */ = {
			isa = PBXSourcesBuildPhase;
			buildActionMask = 2147483647;
			files = (
				F96FD2551C8173B8004A4112 /* ViewController.swift in Sources */,
				F96FD2531C8173B8004A4112 /* AppDelegate.swift in Sources */,
			);
			runOnlyForDeploymentPostprocessing = 0;
		};
/* End PBXSourcesBuildPhase section */

/* Begin PBXVariantGroup section */
		F96FD2561C8173B8004A4112 /* Main.storyboard */ = {
			isa = PBXVariantGroup;
			children = (
				F96FD2571C8173B8004A4112 /* Base */,
			);
			name = Main.storyboard;
			sourceTree = "<group>";
		};
		F96FD25B1C8173B8004A4112 /* LaunchScreen.storyboard */ = {
			isa = PBXVariantGroup;
			children = (
				F96FD25C1C8173B8004A4112 /* Base */,
			);
			name = LaunchScreen.storyboard;
			sourceTree = "<group>";
		};
/* End PBXVariantGroup section */

/* Begin XCBuildConfiguration section */
		F96FD25F1C8173B8004A4112 /* Debug */ = {
			isa = XCBuildConfiguration;
			buildSettings = {
				ALWAYS_SEARCH_USER_PATHS = NO;
				CLANG_CXX_LANGUAGE_STANDARD = "gnu++0x";
				CLANG_CXX_LIBRARY = "libc++";
				CLANG_ENABLE_MODULES = YES;
				CLANG_ENABLE_OBJC_ARC = YES;
				CLANG_WARN_BOOL_CONVERSION = YES;
				CLANG_WARN_CONSTANT_CONVERSION = YES;
				CLANG_WARN_DIRECT_OBJC_ISA_USAGE = YES_ERROR;
				CLANG_WARN_EMPTY_BODY = YES;
				CLANG_WARN_ENUM_CONVERSION = YES;
				CLANG_WARN_INT_CONVERSION = YES;
				CLANG_WARN_OBJC_ROOT_CLASS = YES_ERROR;
				CLANG_WARN_UNREACHABLE_CODE = YES;
				CLANG_WARN__DUPLICATE_METHOD_MATCH = YES;
				"CODE_SIGN_IDENTITY[sdk=iphoneos*]" = "iPhone Developer";
				COPY_PHASE_STRIP = NO;
				DEBUG_INFORMATION_FORMAT = dwarf;
				ENABLE_STRICT_OBJC_MSGSEND = YES;
				ENABLE_TESTABILITY = YES;
				GCC_C_LANGUAGE_STANDARD = gnu99;
				GCC_DYNAMIC_NO_PIC = NO;
				GCC_NO_COMMON_BLOCKS = YES;
				GCC_OPTIMIZATION_LEVEL = 0;
				GCC_PREPROCESSOR_DEFINITIONS = (
					"DEBUG=1",
					"$(inherited)",
				);
				GCC_WARN_64_TO_32_BIT_CONVERSION = YES;
				GCC_WARN_ABOUT_RETURN_TYPE = YES_ERROR;
				GCC_WARN_UNDECLARED_SELECTOR = YES;
				GCC_WARN_UNINITIALIZED_AUTOS = YES_AGGRESSIVE;
				GCC_WARN_UNUSED_FUNCTION = YES;
				GCC_WARN_UNUSED_VARIABLE = YES;
				IPHONEOS_DEPLOYMENT_TARGET = 9.2;
				MTL_ENABLE_DEBUG_INFO = YES;
				ONLY_ACTIVE_ARCH = YES;
				SDKROOT = iphoneos;
				SWIFT_OPTIMIZATION_LEVEL = "-Onone";
				TARGETED_DEVICE_FAMILY = "1,2";
			};
			name = Debug;
		};
		F96FD2601C8173B8004A4112 /* Release */ = {
			isa = XCBuildConfiguration;
			buildSettings = {
				ALWAYS_SEARCH_USER_PATHS = NO;
				CLANG_CXX_LANGUAGE_STANDARD = "gnu++0x";
				CLANG_CXX_LIBRARY = "libc++";
				CLANG_ENABLE_MODULES = YES;
				CLANG_ENABLE_OBJC_ARC = YES;
				CLANG_WARN_BOOL_CONVERSION = YES;
				CLANG_WARN_CONSTANT_CONVERSION = YES;
				CLANG_WARN_DIRECT_OBJC_ISA_USAGE = YES_ERROR;
				CLANG_WARN_EMPTY_BODY = YES;
				CLANG_WARN_ENUM_CONVERSION = YES;
				CLANG_WARN_INT_CONVERSION = YES;
				CLANG_WARN_OBJC_ROOT_CLASS = YES_ERROR;
				CLANG_WARN_UNREACHABLE_CODE = YES;
				CLANG_WARN__DUPLICATE_METHOD_MATCH = YES;
				"CODE_SIGN_IDENTITY[sdk=iphoneos*]" = "iPhone Developer";
				COPY_PHASE_STRIP = NO;
				DEBUG_INFORMATION_FORMAT = "dwarf-with-dsym";
				ENABLE_NS_ASSERTIONS = NO;
				ENABLE_STRICT_OBJC_MSGSEND = YES;
				GCC_C_LANGUAGE_STANDARD = gnu99;
				GCC_NO_COMMON_BLOCKS = YES;
				GCC_WARN_64_TO_32_BIT_CONVERSION = YES;
				GCC_WARN_ABOUT_RETURN_TYPE = YES_ERROR;
				GCC_WARN_UNDECLARED_SELECTOR = YES;
				GCC_WARN_UNINITIALIZED_AUTOS = YES_AGGRESSIVE;
				GCC_WARN_UNUSED_FUNCTION = YES;
				GCC_WARN_UNUSED_VARIABLE = YES;
				IPHONEOS_DEPLOYMENT_TARGET = 9.2;
				MTL_ENABLE_DEBUG_INFO = NO;
				SDKROOT = iphoneos;
				TARGETED_DEVICE_FAMILY = "1,2";
				VALIDATE_PRODUCT = YES;
			};
			name = Release;
		};
		F96FD2621C8173B8004A4112 /* Debug */ = {
			isa = XCBuildConfiguration;
			buildSettings = {
				ASSETCATALOG_COMPILER_APPICON_NAME = AppIcon;
				ENABLE_BITCODE = NO;
				INFOPLIST_FILE = "URL schemes/Info.plist";
				IPHONEOS_DEPLOYMENT_TARGET = 8.1;
				LD_RUNPATH_SEARCH_PATHS = "$(inherited) @executable_path/Frameworks";
				PRODUCT_BUNDLE_IDENTIFIER = "com.qimuyunduan.URL-schemes";
				PRODUCT_NAME = "$(TARGET_NAME)";
			};
			name = Debug;
		};
		F96FD2631C8173B8004A4112 /* Release */ = {
			isa = XCBuildConfiguration;
			buildSettings = {
				ASSETCATALOG_COMPILER_APPICON_NAME = AppIcon;
				ENABLE_BITCODE = NO;
				INFOPLIST_FILE = "URL schemes/Info.plist";
				IPHONEOS_DEPLOYMENT_TARGET = 8.1;
				LD_RUNPATH_SEARCH_PATHS = "$(inherited) @executable_path/Frameworks";
				PRODUCT_BUNDLE_IDENTIFIER = "com.qimuyunduan.URL-schemes";
				PRODUCT_NAME = "$(TARGET_NAME)";
			};
			name = Release;
		};
/* End XCBuildConfiguration section */

/* Begin XCConfigurationList section */
		F96FD24A1C8173B8004A4112 /* Build configuration list for PBXProject "URL schemes" */ = {
			isa = XCConfigurationList;
			buildConfigurations = (
				F96FD25F1C8173B8004A4112 /* Debug */,
				F96FD2601C8173B8004A4112 /* Release */,
			);
			defaultConfigurationIsVisible = 0;
			defaultConfigurationName = Release;
		};
		F96FD2611C8173B8004A4112 /* Build configuration list for PBXNativeTarget "URL schemes" */ = {
			isa = XCConfigurationList;
			buildConfigurations = (
				F96FD2621C8173B8004A4112 /* Debug */,
				F96FD2631C8173B8004A4112 /* Release */,
			);
			defaultConfigurationIsVisible = 0;
		};
/* End XCConfigurationList section */
	};
	rootObject = F96FD2471C8173B8004A4112 /* Project object */;
}
