// !$*UTF8*$!
{
	archiveVersion = 1;
	classes = {
	};
	objectVersion = 46;
	objects = {

/* Begin PBXBuildFile section */
		F93700811CE80D250062C033 /* AppDelegate.swift in Sources */ = {isa = PBXBuildFile; fileRef = F93700801CE80D250062C033 /* AppDelegate.swift */; };
		F93700831CE80D250062C033 /* ViewController.swift in Sources */ = {isa = PBXBuildFile; fileRef = F93700821CE80D250062C033 /* ViewController.swift */; };
		F93700861CE80D250062C033 /* Main.storyboard in Resources */ = {isa = PBXBuildFile; fileRef = F93700841CE80D250062C033 /* Main.storyboard */; };
		F93700891CE80D250062C033 /* cachePage.xcdatamodeld in Sources */ = {isa = PBXBuildFile; fileRef = F93700871CE80D250062C033 /* cachePage.xcdatamodeld */; };
		F937008B1CE80D250062C033 /* Assets.xcassets in Resources */ = {isa = PBXBuildFile; fileRef = F937008A1CE80D250062C033 /* Assets.xcassets */; };
		F937008E1CE80D250062C033 /* LaunchScreen.storyboard in Resources */ = {isa = PBXBuildFile; fileRef = F937008C1CE80D250062C033 /* LaunchScreen.storyboard */; };
		F93700961CE857F20062C033 /* DefeatURLProtocol.swift in Sources */ = {isa = PBXBuildFile; fileRef = F93700951CE857F20062C033 /* DefeatURLProtocol.swift */; };
/* End PBXBuildFile section */

/* Begin PBXFileReference section */
		F937007D1CE80D250062C033 /* cachePage.app */ = {isa = PBXFileReference; explicitFileType = wrapper.application; includeInIndex = 0; path = cachePage.app; sourceTree = BUILT_PRODUCTS_DIR; };
		F93700801CE80D250062C033 /* AppDelegate.swift */ = {isa = PBXFileReference; lastKnownFileType = sourcecode.swift; path = AppDelegate.swift; sourceTree = "<group>"; };
		F93700821CE80D250062C033 /* ViewController.swift */ = {isa = PBXFileReference; lastKnownFileType = sourcecode.swift; path = ViewController.swift; sourceTree = "<group>"; };
		F93700851CE80D250062C033 /* Base */ = {isa = PBXFileReference; lastKnownFileType = file.storyboard; name = Base; path = Base.lproj/Main.storyboard; sourceTree = "<group>"; };
		F93700881CE80D250062C033 /* cachePage.xcdatamodel */ = {isa = PBXFileReference; lastKnownFileType = wrapper.xcdatamodel; path = cachePage.xcdatamodel; sourceTree = "<group>"; };
		F937008A1CE80D250062C033 /* Assets.xcassets */ = {isa = PBXFileReference; lastKnownFileType = folder.assetcatalog; path = Assets.xcassets; sourceTree = "<group>"; };
		F937008D1CE80D250062C033 /* Base */ = {isa = PBXFileReference; lastKnownFileType = file.storyboard; name = Base; path = Base.lproj/LaunchScreen.storyboard; sourceTree = "<group>"; };
		F937008F1CE80D250062C033 /* Info.plist */ = {isa = PBXFileReference; lastKnownFileType = text.plist.xml; path = Info.plist; sourceTree = "<group>"; };
		F93700951CE857F20062C033 /* DefeatURLProtocol.swift */ = {isa = PBXFileReference; fileEncoding = 4; lastKnownFileType = sourcecode.swift; path = DefeatURLProtocol.swift; sourceTree = "<group>"; };
/* End PBXFileReference section */

/* Begin PBXFrameworksBuildPhase section */
		F937007A1CE80D250062C033 /* Frameworks */ = {
			isa = PBXFrameworksBuildPhase;
			buildActionMask = 2147483647;
			files = (
			);
			runOnlyForDeploymentPostprocessing = 0;
		};
/* End PBXFrameworksBuildPhase section */

/* Begin PBXGroup section */
		F93700741CE80D250062C033 = {
			isa = PBXGroup;
			children = (
				F937007F1CE80D250062C033 /* cachePage */,
				F937007E1CE80D250062C033 /* Products */,
			);
			sourceTree = "<group>";
		};
		F937007E1CE80D250062C033 /* Products */ = {
			isa = PBXGroup;
			children = (
				F937007D1CE80D250062C033 /* cachePage.app */,
			);
			name = Products;
			sourceTree = "<group>";
		};
		F937007F1CE80D250062C033 /* cachePage */ = {
			isa = PBXGroup;
			children = (
				F93700801CE80D250062C033 /* AppDelegate.swift */,
				F93700821CE80D250062C033 /* ViewController.swift */,
				F93700951CE857F20062C033 /* DefeatURLProtocol.swift */,
				F93700841CE80D250062C033 /* Main.storyboard */,
				F937008A1CE80D250062C033 /* Assets.xcassets */,
				F937008C1CE80D250062C033 /* LaunchScreen.storyboard */,
				F937008F1CE80D250062C033 /* Info.plist */,
				F93700871CE80D250062C033 /* cachePage.xcdatamodeld */,
			);
			path = cachePage;
			sourceTree = "<group>";
		};
/* End PBXGroup section */

/* Begin PBXNativeTarget section */
		F937007C1CE80D250062C033 /* cachePage */ = {
			isa = PBXNativeTarget;
			buildConfigurationList = F93700921CE80D250062C033 /* Build configuration list for PBXNativeTarget "cachePage" */;
			buildPhases = (
				F93700791CE80D250062C033 /* Sources */,
				F937007A1CE80D250062C033 /* Frameworks */,
				F937007B1CE80D250062C033 /* Resources */,
			);
			buildRules = (
			);
			dependencies = (
			);
			name = cachePage;
			productName = cachePage;
			productReference = F937007D1CE80D250062C033 /* cachePage.app */;
			productType = "com.apple.product-type.application";
		};
/* End PBXNativeTarget section */

/* Begin PBXProject section */
		F93700751CE80D250062C033 /* Project object */ = {
			isa = PBXProject;
			attributes = {
				LastSwiftUpdateCheck = 0730;
				LastUpgradeCheck = 0730;
				ORGANIZATIONNAME = qimuyunduan;
				TargetAttributes = {
					F937007C1CE80D250062C033 = {
						CreatedOnToolsVersion = 7.3;
						DevelopmentTeam = W8Z96ZS49S;
					};
				};
			};
			buildConfigurationList = F93700781CE80D250062C033 /* Build configuration list for PBXProject "cachePage" */;
			compatibilityVersion = "Xcode 3.2";
			developmentRegion = English;
			hasScannedForEncodings = 0;
			knownRegions = (
				en,
				Base,
			);
			mainGroup = F93700741CE80D250062C033;
			productRefGroup = F937007E1CE80D250062C033 /* Products */;
			projectDirPath = "";
			projectRoot = "";
			targets = (
				F937007C1CE80D250062C033 /* cachePage */,
			);
		};
/* End PBXProject section */

/* Begin PBXResourcesBuildPhase section */
		F937007B1CE80D250062C033 /* Resources */ = {
			isa = PBXResourcesBuildPhase;
			buildActionMask = 2147483647;
			files = (
				F937008E1CE80D250062C033 /* LaunchScreen.storyboard in Resources */,
				F937008B1CE80D250062C033 /* Assets.xcassets in Resources */,
				F93700861CE80D250062C033 /* Main.storyboard in Resources */,
			);
			runOnlyForDeploymentPostprocessing = 0;
		};
/* End PBXResourcesBuildPhase section */

/* Begin PBXSourcesBuildPhase section */
		F93700791CE80D250062C033 /* Sources */ = {
			isa = PBXSourcesBuildPhase;
			buildActionMask = 2147483647;
			files = (
				F93700961CE857F20062C033 /* DefeatURLProtocol.swift in Sources */,
				F93700831CE80D250062C033 /* ViewController.swift in Sources */,
				F93700891CE80D250062C033 /* cachePage.xcdatamodeld in Sources */,
				F93700811CE80D250062C033 /* AppDelegate.swift in Sources */,
			);
			runOnlyForDeploymentPostprocessing = 0;
		};
/* End PBXSourcesBuildPhase section */

/* Begin PBXVariantGroup section */
		F93700841CE80D250062C033 /* Main.storyboard */ = {
			isa = PBXVariantGroup;
			children = (
				F93700851CE80D250062C033 /* Base */,
			);
			name = Main.storyboard;
			sourceTree = "<group>";
		};
		F937008C1CE80D250062C033 /* LaunchScreen.storyboard */ = {
			isa = PBXVariantGroup;
			children = (
				F937008D1CE80D250062C033 /* Base */,
			);
			name = LaunchScreen.storyboard;
			sourceTree = "<group>";
		};
/* End PBXVariantGroup section */

/* Begin XCBuildConfiguration section */
		F93700901CE80D250062C033 /* Debug */ = {
			isa = XCBuildConfiguration;
			buildSettings = {
				ALWAYS_SEARCH_USER_PATHS = NO;
				CLANG_ANALYZER_NONNULL = YES;
				CLANG_CXX_LANGUAGE_STANDARD = "gnu++0x";
				CLANG_CXX_LIBRARY = "libc++";
				CLANG_ENABLE_MODULES = YES;
				CLANG_ENABLE_OBJC_ARC = YES;
				CLANG_WARN_BOOL_CONVERSION = YES;
				CLANG_WARN_CONSTANT_CONVERSION = YES;
				CLANG_WARN_DIRECT_OBJC_ISA_USAGE = YES_ERROR;
				CLANG_WARN_EMPTY_BODY = YES;
				CLANG_WARN_ENUM_CONVERSION = YES;
				CLANG_WARN_INT_CONVERSION = YES;
				CLANG_WARN_OBJC_ROOT_CLASS = YES_ERROR;
				CLANG_WARN_UNREACHABLE_CODE = YES;
				CLANG_WARN__DUPLICATE_METHOD_MATCH = YES;
				"CODE_SIGN_IDENTITY[sdk=iphoneos*]" = "iPhone Developer";
				COPY_PHASE_STRIP = NO;
				DEBUG_INFORMATION_FORMAT = dwarf;
				ENABLE_STRICT_OBJC_MSGSEND = YES;
				ENABLE_TESTABILITY = YES;
				GCC_C_LANGUAGE_STANDARD = gnu99;
				GCC_DYNAMIC_NO_PIC = NO;
				GCC_NO_COMMON_BLOCKS = YES;
				GCC_OPTIMIZATION_LEVEL = 0;
				GCC_PREPROCESSOR_DEFINITIONS = (
					"DEBUG=1",
					"$(inherited)",
				);
				GCC_WARN_64_TO_32_BIT_CONVERSION = YES;
				GCC_WARN_ABOUT_RETURN_TYPE = YES_ERROR;
				GCC_WARN_UNDECLARED_SELECTOR = YES;
				GCC_WARN_UNINITIALIZED_AUTOS = YES_AGGRESSIVE;
				GCC_WARN_UNUSED_FUNCTION = YES;
				GCC_WARN_UNUSED_VARIABLE = YES;
				IPHONEOS_DEPLOYMENT_TARGET = 9.3;
				MTL_ENABLE_DEBUG_INFO = YES;
				ONLY_ACTIVE_ARCH = YES;
				SDKROOT = iphoneos;
				SWIFT_OPTIMIZATION_LEVEL = "-Onone";
				TARGETED_DEVICE_FAMILY = "1,2";
			};
			name = Debug;
		};
		F93700911CE80D250062C033 /* Release */ = {
			isa = XCBuildConfiguration;
			buildSettings = {
				ALWAYS_SEARCH_USER_PATHS = NO;
				CLANG_ANALYZER_NONNULL = YES;
				CLANG_CXX_LANGUAGE_STANDARD = "gnu++0x";
				CLANG_CXX_LIBRARY = "libc++";
				CLANG_ENABLE_MODULES = YES;
				CLANG_ENABLE_OBJC_ARC = YES;
				CLANG_WARN_BOOL_CONVERSION = YES;
				CLANG_WARN_CONSTANT_CONVERSION = YES;
				CLANG_WARN_DIRECT_OBJC_ISA_USAGE = YES_ERROR;
				CLANG_WARN_EMPTY_BODY = YES;
				CLANG_WARN_ENUM_CONVERSION = YES;
				CLANG_WARN_INT_CONVERSION = YES;
				CLANG_WARN_OBJC_ROOT_CLASS = YES_ERROR;
				CLANG_WARN_UNREACHABLE_CODE = YES;
				CLANG_WARN__DUPLICATE_METHOD_MATCH = YES;
				"CODE_SIGN_IDENTITY[sdk=iphoneos*]" = "iPhone Developer";
				COPY_PHASE_STRIP = NO;
				DEBUG_INFORMATION_FORMAT = "dwarf-with-dsym";
				ENABLE_NS_ASSERTIONS = NO;
				ENABLE_STRICT_OBJC_MSGSEND = YES;
				GCC_C_LANGUAGE_STANDARD = gnu99;
				GCC_NO_COMMON_BLOCKS = YES;
				GCC_WARN_64_TO_32_BIT_CONVERSION = YES;
				GCC_WARN_ABOUT_RETURN_TYPE = YES_ERROR;
				GCC_WARN_UNDECLARED_SELECTOR = YES;
				GCC_WARN_UNINITIALIZED_AUTOS = YES_AGGRESSIVE;
				GCC_WARN_UNUSED_FUNCTION = YES;
				GCC_WARN_UNUSED_VARIABLE = YES;
				IPHONEOS_DEPLOYMENT_TARGET = 9.3;
				MTL_ENABLE_DEBUG_INFO = NO;
				SDKROOT = iphoneos;
				TARGETED_DEVICE_FAMILY = "1,2";
				VALIDATE_PRODUCT = YES;
			};
			name = Release;
		};
		F93700931CE80D250062C033 /* Debug */ = {
			isa = XCBuildConfiguration;
			buildSettings = {
				ASSETCATALOG_COMPILER_APPICON_NAME = AppIcon;
				CODE_SIGN_IDENTITY = "iPhone Developer";
				INFOPLIST_FILE = cachePage/Info.plist;
				IPHONEOS_DEPLOYMENT_TARGET = 8.1;
				LD_RUNPATH_SEARCH_PATHS = "$(inherited) @executable_path/Frameworks";
				PRODUCT_BUNDLE_IDENTIFIER = com.qimuyunduan.cachePage;
				PRODUCT_NAME = "$(TARGET_NAME)";
			};
			name = Debug;
		};
		F93700941CE80D250062C033 /* Release */ = {
			isa = XCBuildConfiguration;
			buildSettings = {
				ASSETCATALOG_COMPILER_APPICON_NAME = AppIcon;
				CODE_SIGN_IDENTITY = "iPhone Developer";
				INFOPLIST_FILE = cachePage/Info.plist;
				IPHONEOS_DEPLOYMENT_TARGET = 8.1;
				LD_RUNPATH_SEARCH_PATHS = "$(inherited) @executable_path/Frameworks";
				PRODUCT_BUNDLE_IDENTIFIER = com.qimuyunduan.cachePage;
				PRODUCT_NAME = "$(TARGET_NAME)";
			};
			name = Release;
		};
/* End XCBuildConfiguration section */

/* Begin XCConfigurationList section */
		F93700781CE80D250062C033 /* Build configuration list for PBXProject "cachePage" */ = {
			isa = XCConfigurationList;
			buildConfigurations = (
				F93700901CE80D250062C033 /* Debug */,
				F93700911CE80D250062C033 /* Release */,
			);
			defaultConfigurationIsVisible = 0;
			defaultConfigurationName = Release;
		};
		F93700921CE80D250062C033 /* Build configuration list for PBXNativeTarget "cachePage" */ = {
			isa = XCConfigurationList;
			buildConfigurations = (
				F93700931CE80D250062C033 /* Debug */,
				F93700941CE80D250062C033 /* Release */,
			);
			defaultConfigurationIsVisible = 0;
		};
/* End XCConfigurationList section */

/* Begin XCVersionGroup section */
		F93700871CE80D250062C033 /* cachePage.xcdatamodeld */ = {
			isa = XCVersionGroup;
			children = (
				F93700881CE80D250062C033 /* cachePage.xcdatamodel */,
			);
			currentVersion = F93700881CE80D250062C033 /* cachePage.xcdatamodel */;
			path = cachePage.xcdatamodeld;
			sourceTree = "<group>";
			versionGroupType = wrapper.xcdatamodel;
		};
/* End XCVersionGroup section */
	};
	rootObject = F93700751CE80D250062C033 /* Project object */;
}
