// !$*UTF8*$!
{
	archiveVersion = 1;
	classes = {
	};
	objectVersion = 46;
	objects = {

/* Begin PBXBuildFile section */
		F90F47C81C891C2B008EAC36 /* MenuViewController.swift in Sources */ = {isa = PBXBuildFile; fileRef = F90F47C71C891C2B008EAC36 /* MenuViewController.swift */; };
		F92334BB1C8D4B8F00B6C877 /* RecentTableViewCell.xib in Resources */ = {isa = PBXBuildFile; fileRef = F92334BA1C8D4B8F00B6C877 /* RecentTableViewCell.xib */; };
		F92334BD1C8D77E000B6C877 /* MoreTableViewCell.xib in Resources */ = {isa = PBXBuildFile; fileRef = F92334BC1C8D77E000B6C877 /* MoreTableViewCell.xib */; };
		F95EB5871C886A630013EF78 /* AppDelegate.swift in Sources */ = {isa = PBXBuildFile; fileRef = F95EB5861C886A630013EF78 /* AppDelegate.swift */; };
		F95EB5891C886A630013EF78 /* ViewController.swift in Sources */ = {isa = PBXBuildFile; fileRef = F95EB5881C886A630013EF78 /* ViewController.swift */; };
		F95EB58C1C886A630013EF78 /* Main.storyboard in Resources */ = {isa = PBXBuildFile; fileRef = F95EB58A1C886A630013EF78 /* Main.storyboard */; };
		F95EB58E1C886A630013EF78 /* Assets.xcassets in Resources */ = {isa = PBXBuildFile; fileRef = F95EB58D1C886A630013EF78 /* Assets.xcassets */; };
		F95EB5911C886A630013EF78 /* LaunchScreen.storyboard in Resources */ = {isa = PBXBuildFile; fileRef = F95EB58F1C886A630013EF78 /* LaunchScreen.storyboard */; };
		F95EB59B1C8870600013EF78 /* 9.jpg in Resources */ = {isa = PBXBuildFile; fileRef = F95EB59A1C8870600013EF78 /* 9.jpg */; };
		F9FAD2491C8BDD1B00F292B6 /* RecentController.swift in Sources */ = {isa = PBXBuildFile; fileRef = F9FAD2481C8BDD1B00F292B6 /* RecentController.swift */; };
		F9FAD24B1C8BDD4300F292B6 /* ContactController.swift in Sources */ = {isa = PBXBuildFile; fileRef = F9FAD24A1C8BDD4300F292B6 /* ContactController.swift */; };
		F9FAD24D1C8BDD5700F292B6 /* MoreController.swift in Sources */ = {isa = PBXBuildFile; fileRef = F9FAD24C1C8BDD5700F292B6 /* MoreController.swift */; };
		F9FAD24F1C8BE3A500F292B6 /* RecentTableViewCell.swift in Sources */ = {isa = PBXBuildFile; fileRef = F9FAD24E1C8BE3A500F292B6 /* RecentTableViewCell.swift */; };
		F9FAD2511C8C0D2500F292B6 /* MessageController.swift in Sources */ = {isa = PBXBuildFile; fileRef = F9FAD2501C8C0D2500F292B6 /* MessageController.swift */; };
		F9FAD2531C8C104300F292B6 /* PhoneController.swift in Sources */ = {isa = PBXBuildFile; fileRef = F9FAD2521C8C104300F292B6 /* PhoneController.swift */; };
		F9FAD2551C8C719600F292B6 /* MoreTableViewCell.swift in Sources */ = {isa = PBXBuildFile; fileRef = F9FAD2541C8C719600F292B6 /* MoreTableViewCell.swift */; };
/* End PBXBuildFile section */

/* Begin PBXFileReference section */
		F90F47C71C891C2B008EAC36 /* MenuViewController.swift */ = {isa = PBXFileReference; fileEncoding = 4; lastKnownFileType = sourcecode.swift; path = MenuViewController.swift; sourceTree = "<group>"; };
		F92334BA1C8D4B8F00B6C877 /* RecentTableViewCell.xib */ = {isa = PBXFileReference; fileEncoding = 4; lastKnownFileType = file.xib; path = RecentTableViewCell.xib; sourceTree = "<group>"; };
		F92334BC1C8D77E000B6C877 /* MoreTableViewCell.xib */ = {isa = PBXFileReference; fileEncoding = 4; lastKnownFileType = file.xib; path = MoreTableViewCell.xib; sourceTree = "<group>"; };
		F95EB5831C886A630013EF78 /* QQ.app */ = {isa = PBXFileReference; explicitFileType = wrapper.application; includeInIndex = 0; path = QQ.app; sourceTree = BUILT_PRODUCTS_DIR; };
		F95EB5861C886A630013EF78 /* AppDelegate.swift */ = {isa = PBXFileReference; lastKnownFileType = sourcecode.swift; path = AppDelegate.swift; sourceTree = "<group>"; };
		F95EB5881C886A630013EF78 /* ViewController.swift */ = {isa = PBXFileReference; lastKnownFileType = sourcecode.swift; path = ViewController.swift; sourceTree = "<group>"; };
		F95EB58B1C886A630013EF78 /* Base */ = {isa = PBXFileReference; lastKnownFileType = file.storyboard; name = Base; path = Base.lproj/Main.storyboard; sourceTree = "<group>"; };
		F95EB58D1C886A630013EF78 /* Assets.xcassets */ = {isa = PBXFileReference; lastKnownFileType = folder.assetcatalog; path = Assets.xcassets; sourceTree = "<group>"; };
		F95EB5901C886A630013EF78 /* Base */ = {isa = PBXFileReference; lastKnownFileType = file.storyboard; name = Base; path = Base.lproj/LaunchScreen.storyboard; sourceTree = "<group>"; };
		F95EB5921C886A630013EF78 /* Info.plist */ = {isa = PBXFileReference; lastKnownFileType = text.plist.xml; path = Info.plist; sourceTree = "<group>"; };
		F95EB59A1C8870600013EF78 /* 9.jpg */ = {isa = PBXFileReference; lastKnownFileType = image.jpeg; name = 9.jpg; path = ../../../9.jpg; sourceTree = "<group>"; };
		F9FAD2481C8BDD1B00F292B6 /* RecentController.swift */ = {isa = PBXFileReference; fileEncoding = 4; lastKnownFileType = sourcecode.swift; path = RecentController.swift; sourceTree = "<group>"; };
		F9FAD24A1C8BDD4300F292B6 /* ContactController.swift */ = {isa = PBXFileReference; fileEncoding = 4; lastKnownFileType = sourcecode.swift; path = ContactController.swift; sourceTree = "<group>"; };
		F9FAD24C1C8BDD5700F292B6 /* MoreController.swift */ = {isa = PBXFileReference; fileEncoding = 4; lastKnownFileType = sourcecode.swift; path = MoreController.swift; sourceTree = "<group>"; };
		F9FAD24E1C8BE3A500F292B6 /* RecentTableViewCell.swift */ = {isa = PBXFileReference; fileEncoding = 4; lastKnownFileType = sourcecode.swift; path = RecentTableViewCell.swift; sourceTree = "<group>"; };
		F9FAD2501C8C0D2500F292B6 /* MessageController.swift */ = {isa = PBXFileReference; fileEncoding = 4; lastKnownFileType = sourcecode.swift; path = MessageController.swift; sourceTree = "<group>"; };
		F9FAD2521C8C104300F292B6 /* PhoneController.swift */ = {isa = PBXFileReference; fileEncoding = 4; lastKnownFileType = sourcecode.swift; path = PhoneController.swift; sourceTree = "<group>"; };
		F9FAD2541C8C719600F292B6 /* MoreTableViewCell.swift */ = {isa = PBXFileReference; fileEncoding = 4; lastKnownFileType = sourcecode.swift; path = MoreTableViewCell.swift; sourceTree = "<group>"; };
/* End PBXFileReference section */

/* Begin PBXFrameworksBuildPhase section */
		F95EB5801C886A630013EF78 /* Frameworks */ = {
			isa = PBXFrameworksBuildPhase;
			buildActionMask = 2147483647;
			files = (
			);
			runOnlyForDeploymentPostprocessing = 0;
		};
/* End PBXFrameworksBuildPhase section */

/* Begin PBXGroup section */
		F95EB57A1C886A630013EF78 = {
			isa = PBXGroup;
			children = (
				F95EB5851C886A630013EF78 /* QQ */,
				F95EB5841C886A630013EF78 /* Products */,
			);
			sourceTree = "<group>";
		};
		F95EB5841C886A630013EF78 /* Products */ = {
			isa = PBXGroup;
			children = (
				F95EB5831C886A630013EF78 /* QQ.app */,
			);
			name = Products;
			sourceTree = "<group>";
		};
		F95EB5851C886A630013EF78 /* QQ */ = {
			isa = PBXGroup;
			children = (
				F95EB5861C886A630013EF78 /* AppDelegate.swift */,
				F95EB5881C886A630013EF78 /* ViewController.swift */,
				F9FAD2481C8BDD1B00F292B6 /* RecentController.swift */,
				F9FAD24A1C8BDD4300F292B6 /* ContactController.swift */,
				F9FAD24C1C8BDD5700F292B6 /* MoreController.swift */,
				F95EB58A1C886A630013EF78 /* Main.storyboard */,
				F92334BA1C8D4B8F00B6C877 /* RecentTableViewCell.xib */,
				F9FAD2501C8C0D2500F292B6 /* MessageController.swift */,
				F9FAD2521C8C104300F292B6 /* PhoneController.swift */,
				F92334BC1C8D77E000B6C877 /* MoreTableViewCell.xib */,
				F9FAD24E1C8BE3A500F292B6 /* RecentTableViewCell.swift */,
				F9FAD2541C8C719600F292B6 /* MoreTableViewCell.swift */,
				F90F47C71C891C2B008EAC36 /* MenuViewController.swift */,
				F95EB58D1C886A630013EF78 /* Assets.xcassets */,
				F95EB59A1C8870600013EF78 /* 9.jpg */,
				F95EB58F1C886A630013EF78 /* LaunchScreen.storyboard */,
				F95EB5921C886A630013EF78 /* Info.plist */,
			);
			path = QQ;
			sourceTree = "<group>";
		};
/* End PBXGroup section */

/* Begin PBXNativeTarget section */
		F95EB5821C886A630013EF78 /* QQ */ = {
			isa = PBXNativeTarget;
			buildConfigurationList = F95EB5951C886A630013EF78 /* Build configuration list for PBXNativeTarget "QQ" */;
			buildPhases = (
				F95EB57F1C886A630013EF78 /* Sources */,
				F95EB5801C886A630013EF78 /* Frameworks */,
				F95EB5811C886A630013EF78 /* Resources */,
			);
			buildRules = (
			);
			dependencies = (
			);
			name = QQ;
			productName = QQ;
			productReference = F95EB5831C886A630013EF78 /* QQ.app */;
			productType = "com.apple.product-type.application";
		};
/* End PBXNativeTarget section */

/* Begin PBXProject section */
		F95EB57B1C886A630013EF78 /* Project object */ = {
			isa = PBXProject;
			attributes = {
				LastSwiftUpdateCheck = 0720;
				LastUpgradeCheck = 0720;
				ORGANIZATIONNAME = qimuyunduan;
				TargetAttributes = {
					F95EB5821C886A630013EF78 = {
						CreatedOnToolsVersion = 7.2.1;
					};
				};
			};
			buildConfigurationList = F95EB57E1C886A630013EF78 /* Build configuration list for PBXProject "QQ" */;
			compatibilityVersion = "Xcode 3.2";
			developmentRegion = English;
			hasScannedForEncodings = 0;
			knownRegions = (
				en,
				Base,
			);
			mainGroup = F95EB57A1C886A630013EF78;
			productRefGroup = F95EB5841C886A630013EF78 /* Products */;
			projectDirPath = "";
			projectRoot = "";
			targets = (
				F95EB5821C886A630013EF78 /* QQ */,
			);
		};
/* End PBXProject section */

/* Begin PBXResourcesBuildPhase section */
		F95EB5811C886A630013EF78 /* Resources */ = {
			isa = PBXResourcesBuildPhase;
			buildActionMask = 2147483647;
			files = (
				F92334BD1C8D77E000B6C877 /* MoreTableViewCell.xib in Resources */,
				F95EB5911C886A630013EF78 /* LaunchScreen.storyboard in Resources */,
				F92334BB1C8D4B8F00B6C877 /* RecentTableViewCell.xib in Resources */,
				F95EB58E1C886A630013EF78 /* Assets.xcassets in Resources */,
				F95EB58C1C886A630013EF78 /* Main.storyboard in Resources */,
				F95EB59B1C8870600013EF78 /* 9.jpg in Resources */,
			);
			runOnlyForDeploymentPostprocessing = 0;
		};
/* End PBXResourcesBuildPhase section */

/* Begin PBXSourcesBuildPhase section */
		F95EB57F1C886A630013EF78 /* Sources */ = {
			isa = PBXSourcesBuildPhase;
			buildActionMask = 2147483647;
			files = (
				F95EB5891C886A630013EF78 /* ViewController.swift in Sources */,
				F9FAD2511C8C0D2500F292B6 /* MessageController.swift in Sources */,
				F9FAD24F1C8BE3A500F292B6 /* RecentTableViewCell.swift in Sources */,
				F9FAD2491C8BDD1B00F292B6 /* RecentController.swift in Sources */,
				F9FAD2531C8C104300F292B6 /* PhoneController.swift in Sources */,
				F9FAD24D1C8BDD5700F292B6 /* MoreController.swift in Sources */,
				F9FAD2551C8C719600F292B6 /* MoreTableViewCell.swift in Sources */,
				F9FAD24B1C8BDD4300F292B6 /* ContactController.swift in Sources */,
				F90F47C81C891C2B008EAC36 /* MenuViewController.swift in Sources */,
				F95EB5871C886A630013EF78 /* AppDelegate.swift in Sources */,
			);
			runOnlyForDeploymentPostprocessing = 0;
		};
/* End PBXSourcesBuildPhase section */

/* Begin PBXVariantGroup section */
		F95EB58A1C886A630013EF78 /* Main.storyboard */ = {
			isa = PBXVariantGroup;
			children = (
				F95EB58B1C886A630013EF78 /* Base */,
			);
			name = Main.storyboard;
			sourceTree = "<group>";
		};
		F95EB58F1C886A630013EF78 /* LaunchScreen.storyboard */ = {
			isa = PBXVariantGroup;
			children = (
				F95EB5901C886A630013EF78 /* Base */,
			);
			name = LaunchScreen.storyboard;
			sourceTree = "<group>";
		};
/* End PBXVariantGroup section */

/* Begin XCBuildConfiguration section */
		F95EB5931C886A630013EF78 /* Debug */ = {
			isa = XCBuildConfiguration;
			buildSettings = {
				ALWAYS_SEARCH_USER_PATHS = NO;
				CLANG_CXX_LANGUAGE_STANDARD = "gnu++0x";
				CLANG_CXX_LIBRARY = "libc++";
				CLANG_ENABLE_MODULES = YES;
				CLANG_ENABLE_OBJC_ARC = YES;
				CLANG_WARN_BOOL_CONVERSION = YES;
				CLANG_WARN_CONSTANT_CONVERSION = YES;
				CLANG_WARN_DIRECT_OBJC_ISA_USAGE = YES_ERROR;
				CLANG_WARN_EMPTY_BODY = YES;
				CLANG_WARN_ENUM_CONVERSION = YES;
				CLANG_WARN_INT_CONVERSION = YES;
				CLANG_WARN_OBJC_ROOT_CLASS = YES_ERROR;
				CLANG_WARN_UNREACHABLE_CODE = YES;
				CLANG_WARN__DUPLICATE_METHOD_MATCH = YES;
				"CODE_SIGN_IDENTITY[sdk=iphoneos*]" = "iPhone Developer";
				COPY_PHASE_STRIP = NO;
				DEBUG_INFORMATION_FORMAT = dwarf;
				ENABLE_STRICT_OBJC_MSGSEND = YES;
				ENABLE_TESTABILITY = YES;
				GCC_C_LANGUAGE_STANDARD = gnu99;
				GCC_DYNAMIC_NO_PIC = NO;
				GCC_NO_COMMON_BLOCKS = YES;
				GCC_OPTIMIZATION_LEVEL = 0;
				GCC_PREPROCESSOR_DEFINITIONS = (
					"DEBUG=1",
					"$(inherited)",
				);
				GCC_WARN_64_TO_32_BIT_CONVERSION = YES;
				GCC_WARN_ABOUT_RETURN_TYPE = YES_ERROR;
				GCC_WARN_UNDECLARED_SELECTOR = YES;
				GCC_WARN_UNINITIALIZED_AUTOS = YES_AGGRESSIVE;
				GCC_WARN_UNUSED_FUNCTION = YES;
				GCC_WARN_UNUSED_VARIABLE = YES;
				IPHONEOS_DEPLOYMENT_TARGET = 9.2;
				MTL_ENABLE_DEBUG_INFO = YES;
				ONLY_ACTIVE_ARCH = YES;
				SDKROOT = iphoneos;
				SWIFT_OPTIMIZATION_LEVEL = "-Onone";
				TARGETED_DEVICE_FAMILY = "1,2";
			};
			name = Debug;
		};
		F95EB5941C886A630013EF78 /* Release */ = {
			isa = XCBuildConfiguration;
			buildSettings = {
				ALWAYS_SEARCH_USER_PATHS = NO;
				CLANG_CXX_LANGUAGE_STANDARD = "gnu++0x";
				CLANG_CXX_LIBRARY = "libc++";
				CLANG_ENABLE_MODULES = YES;
				CLANG_ENABLE_OBJC_ARC = YES;
				CLANG_WARN_BOOL_CONVERSION = YES;
				CLANG_WARN_CONSTANT_CONVERSION = YES;
				CLANG_WARN_DIRECT_OBJC_ISA_USAGE = YES_ERROR;
				CLANG_WARN_EMPTY_BODY = YES;
				CLANG_WARN_ENUM_CONVERSION = YES;
				CLANG_WARN_INT_CONVERSION = YES;
				CLANG_WARN_OBJC_ROOT_CLASS = YES_ERROR;
				CLANG_WARN_UNREACHABLE_CODE = YES;
				CLANG_WARN__DUPLICATE_METHOD_MATCH = YES;
				"CODE_SIGN_IDENTITY[sdk=iphoneos*]" = "iPhone Developer";
				COPY_PHASE_STRIP = NO;
				DEBUG_INFORMATION_FORMAT = "dwarf-with-dsym";
				ENABLE_NS_ASSERTIONS = NO;
				ENABLE_STRICT_OBJC_MSGSEND = YES;
				GCC_C_LANGUAGE_STANDARD = gnu99;
				GCC_NO_COMMON_BLOCKS = YES;
				GCC_WARN_64_TO_32_BIT_CONVERSION = YES;
				GCC_WARN_ABOUT_RETURN_TYPE = YES_ERROR;
				GCC_WARN_UNDECLARED_SELECTOR = YES;
				GCC_WARN_UNINITIALIZED_AUTOS = YES_AGGRESSIVE;
				GCC_WARN_UNUSED_FUNCTION = YES;
				GCC_WARN_UNUSED_VARIABLE = YES;
				IPHONEOS_DEPLOYMENT_TARGET = 9.2;
				MTL_ENABLE_DEBUG_INFO = NO;
				SDKROOT = iphoneos;
				TARGETED_DEVICE_FAMILY = "1,2";
				VALIDATE_PRODUCT = YES;
			};
			name = Release;
		};
		F95EB5961C886A630013EF78 /* Debug */ = {
			isa = XCBuildConfiguration;
			buildSettings = {
				ASSETCATALOG_COMPILER_APPICON_NAME = AppIcon;
				INFOPLIST_FILE = QQ/Info.plist;
				IPHONEOS_DEPLOYMENT_TARGET = 8.1;
				LD_RUNPATH_SEARCH_PATHS = "$(inherited) @executable_path/Frameworks";
				PRODUCT_BUNDLE_IDENTIFIER = com.qimuyunduan.QQ;
				PRODUCT_NAME = "$(TARGET_NAME)";
			};
			name = Debug;
		};
		F95EB5971C886A630013EF78 /* Release */ = {
			isa = XCBuildConfiguration;
			buildSettings = {
				ASSETCATALOG_COMPILER_APPICON_NAME = AppIcon;
				INFOPLIST_FILE = QQ/Info.plist;
				IPHONEOS_DEPLOYMENT_TARGET = 8.1;
				LD_RUNPATH_SEARCH_PATHS = "$(inherited) @executable_path/Frameworks";
				PRODUCT_BUNDLE_IDENTIFIER = com.qimuyunduan.QQ;
				PRODUCT_NAME = "$(TARGET_NAME)";
			};
			name = Release;
		};
/* End XCBuildConfiguration section */

/* Begin XCConfigurationList section */
		F95EB57E1C886A630013EF78 /* Build configuration list for PBXProject "QQ" */ = {
			isa = XCConfigurationList;
			buildConfigurations = (
				F95EB5931C886A630013EF78 /* Debug */,
				F95EB5941C886A630013EF78 /* Release */,
			);
			defaultConfigurationIsVisible = 0;
			defaultConfigurationName = Release;
		};
		F95EB5951C886A630013EF78 /* Build configuration list for PBXNativeTarget "QQ" */ = {
			isa = XCConfigurationList;
			buildConfigurations = (
				F95EB5961C886A630013EF78 /* Debug */,
				F95EB5971C886A630013EF78 /* Release */,
			);
			defaultConfigurationIsVisible = 0;
			defaultConfigurationName = Release;
		};
/* End XCConfigurationList section */
	};
	rootObject = F95EB57B1C886A630013EF78 /* Project object */;
}
