// !$*UTF8*$!
{
	archiveVersion = 1;
	classes = {
	};
	objectVersion = 46;
	objects = {

/* Begin PBXBuildFile section */
		F90939EA1C08860100F1F629 /* AppDelegate.swift in Sources */ = {isa = PBXBuildFile; fileRef = F90939E91C08860100F1F629 /* AppDelegate.swift */; };
		F90939EC1C08860100F1F629 /* ViewController.swift in Sources */ = {isa = PBXBuildFile; fileRef = F90939EB1C08860100F1F629 /* ViewController.swift */; };
		F90939EF1C08860100F1F629 /* Main.storyboard in Resources */ = {isa = PBXBuildFile; fileRef = F90939ED1C08860100F1F629 /* Main.storyboard */; };
		F90939F11C08860100F1F629 /* Assets.xcassets in Resources */ = {isa = PBXBuildFile; fileRef = F90939F01C08860100F1F629 /* Assets.xcassets */; };
		F90939F41C08860100F1F629 /* LaunchScreen.storyboard in Resources */ = {isa = PBXBuildFile; fileRef = F90939F21C08860100F1F629 /* LaunchScreen.storyboard */; };
/* End PBXBuildFile section */

/* Begin PBXFileReference section */
		F90939E61C08860100F1F629 /* UITableViewAndUISearchBar.app */ = {isa = PBXFileReference; explicitFileType = wrapper.application; includeInIndex = 0; path = UITableViewAndUISearchBar.app; sourceTree = BUILT_PRODUCTS_DIR; };
		F90939E91C08860100F1F629 /* AppDelegate.swift */ = {isa = PBXFileReference; lastKnownFileType = sourcecode.swift; path = AppDelegate.swift; sourceTree = "<group>"; };
		F90939EB1C08860100F1F629 /* ViewController.swift */ = {isa = PBXFileReference; lastKnownFileType = sourcecode.swift; path = ViewController.swift; sourceTree = "<group>"; };
		F90939EE1C08860100F1F629 /* Base */ = {isa = PBXFileReference; lastKnownFileType = file.storyboard; name = Base; path = Base.lproj/Main.storyboard; sourceTree = "<group>"; };
		F90939F01C08860100F1F629 /* Assets.xcassets */ = {isa = PBXFileReference; lastKnownFileType = folder.assetcatalog; path = Assets.xcassets; sourceTree = "<group>"; };
		F90939F31C08860100F1F629 /* Base */ = {isa = PBXFileReference; lastKnownFileType = file.storyboard; name = Base; path = Base.lproj/LaunchScreen.storyboard; sourceTree = "<group>"; };
		F90939F51C08860100F1F629 /* Info.plist */ = {isa = PBXFileReference; lastKnownFileType = text.plist.xml; path = Info.plist; sourceTree = "<group>"; };
/* End PBXFileReference section */

/* Begin PBXFrameworksBuildPhase section */
		F90939E31C08860100F1F629 /* Frameworks */ = {
			isa = PBXFrameworksBuildPhase;
			buildActionMask = 2147483647;
			files = (
			);
			runOnlyForDeploymentPostprocessing = 0;
		};
/* End PBXFrameworksBuildPhase section */

/* Begin PBXGroup section */
		F90939DD1C08860100F1F629 = {
			isa = PBXGroup;
			children = (
				F90939E81C08860100F1F629 /* UITableViewAndUISearchBar */,
				F90939E71C08860100F1F629 /* Products */,
			);
			sourceTree = "<group>";
		};
		F90939E71C08860100F1F629 /* Products */ = {
			isa = PBXGroup;
			children = (
				F90939E61C08860100F1F629 /* UITableViewAndUISearchBar.app */,
			);
			name = Products;
			sourceTree = "<group>";
		};
		F90939E81C08860100F1F629 /* UITableViewAndUISearchBar */ = {
			isa = PBXGroup;
			children = (
				F90939E91C08860100F1F629 /* AppDelegate.swift */,
				F90939EB1C08860100F1F629 /* ViewController.swift */,
				F90939ED1C08860100F1F629 /* Main.storyboard */,
				F90939F01C08860100F1F629 /* Assets.xcassets */,
				F90939F21C08860100F1F629 /* LaunchScreen.storyboard */,
				F90939F51C08860100F1F629 /* Info.plist */,
			);
			path = UITableViewAndUISearchBar;
			sourceTree = "<group>";
		};
/* End PBXGroup section */

/* Begin PBXNativeTarget section */
		F90939E51C08860100F1F629 /* UITableViewAndUISearchBar */ = {
			isa = PBXNativeTarget;
			buildConfigurationList = F90939F81C08860100F1F629 /* Build configuration list for PBXNativeTarget "UITableViewAndUISearchBar" */;
			buildPhases = (
				F90939E21C08860100F1F629 /* Sources */,
				F90939E31C08860100F1F629 /* Frameworks */,
				F90939E41C08860100F1F629 /* Resources */,
			);
			buildRules = (
			);
			dependencies = (
			);
			name = UITableViewAndUISearchBar;
			productName = UITableViewAndUISearchBar;
			productReference = F90939E61C08860100F1F629 /* UITableViewAndUISearchBar.app */;
			productType = "com.apple.product-type.application";
		};
/* End PBXNativeTarget section */

/* Begin PBXProject section */
		F90939DE1C08860100F1F629 /* Project object */ = {
			isa = PBXProject;
			attributes = {
				LastSwiftUpdateCheck = 0710;
				LastUpgradeCheck = 0710;
				ORGANIZATIONNAME = qimuyunduan;
				TargetAttributes = {
					F90939E51C08860100F1F629 = {
						CreatedOnToolsVersion = 7.1.1;
					};
				};
			};
			buildConfigurationList = F90939E11C08860100F1F629 /* Build configuration list for PBXProject "UITableViewAndUISearchBar" */;
			compatibilityVersion = "Xcode 3.2";
			developmentRegion = English;
			hasScannedForEncodings = 0;
			knownRegions = (
				en,
				Base,
			);
			mainGroup = F90939DD1C08860100F1F629;
			productRefGroup = F90939E71C08860100F1F629 /* Products */;
			projectDirPath = "";
			projectRoot = "";
			targets = (
				F90939E51C08860100F1F629 /* UITableViewAndUISearchBar */,
			);
		};
/* End PBXProject section */

/* Begin PBXResourcesBuildPhase section */
		F90939E41C08860100F1F629 /* Resources */ = {
			isa = PBXResourcesBuildPhase;
			buildActionMask = 2147483647;
			files = (
				F90939F41C08860100F1F629 /* LaunchScreen.storyboard in Resources */,
				F90939F11C08860100F1F629 /* Assets.xcassets in Resources */,
				F90939EF1C08860100F1F629 /* Main.storyboard in Resources */,
			);
			runOnlyForDeploymentPostprocessing = 0;
		};
/* End PBXResourcesBuildPhase section */

/* Begin PBXSourcesBuildPhase section */
		F90939E21C08860100F1F629 /* Sources */ = {
			isa = PBXSourcesBuildPhase;
			buildActionMask = 2147483647;
			files = (
				F90939EC1C08860100F1F629 /* ViewController.swift in Sources */,
				F90939EA1C08860100F1F629 /* AppDelegate.swift in Sources */,
			);
			runOnlyForDeploymentPostprocessing = 0;
		};
/* End PBXSourcesBuildPhase section */

/* Begin PBXVariantGroup section */
		F90939ED1C08860100F1F629 /* Main.storyboard */ = {
			isa = PBXVariantGroup;
			children = (
				F90939EE1C08860100F1F629 /* Base */,
			);
			name = Main.storyboard;
			sourceTree = "<group>";
		};
		F90939F21C08860100F1F629 /* LaunchScreen.storyboard */ = {
			isa = PBXVariantGroup;
			children = (
				F90939F31C08860100F1F629 /* Base */,
			);
			name = LaunchScreen.storyboard;
			sourceTree = "<group>";
		};
/* End PBXVariantGroup section */

/* Begin XCBuildConfiguration section */
		F90939F61C08860100F1F629 /* Debug */ = {
			isa = XCBuildConfiguration;
			buildSettings = {
				ALWAYS_SEARCH_USER_PATHS = NO;
				CLANG_CXX_LANGUAGE_STANDARD = "gnu++0x";
				CLANG_CXX_LIBRARY = "libc++";
				CLANG_ENABLE_MODULES = YES;
				CLANG_ENABLE_OBJC_ARC = YES;
				CLANG_WARN_BOOL_CONVERSION = YES;
				CLANG_WARN_CONSTANT_CONVERSION = YES;
				CLANG_WARN_DIRECT_OBJC_ISA_USAGE = YES_ERROR;
				CLANG_WARN_EMPTY_BODY = YES;
				CLANG_WARN_ENUM_CONVERSION = YES;
				CLANG_WARN_INT_CONVERSION = YES;
				CLANG_WARN_OBJC_ROOT_CLASS = YES_ERROR;
				CLANG_WARN_UNREACHABLE_CODE = YES;
				CLANG_WARN__DUPLICATE_METHOD_MATCH = YES;
				"CODE_SIGN_IDENTITY[sdk=iphoneos*]" = "iPhone Developer";
				COPY_PHASE_STRIP = NO;
				DEBUG_INFORMATION_FORMAT = dwarf;
				ENABLE_STRICT_OBJC_MSGSEND = YES;
				ENABLE_TESTABILITY = YES;
				GCC_C_LANGUAGE_STANDARD = gnu99;
				GCC_DYNAMIC_NO_PIC = NO;
				GCC_NO_COMMON_BLOCKS = YES;
				GCC_OPTIMIZATION_LEVEL = 0;
				GCC_PREPROCESSOR_DEFINITIONS = (
					"DEBUG=1",
					"$(inherited)",
				);
				GCC_WARN_64_TO_32_BIT_CONVERSION = YES;
				GCC_WARN_ABOUT_RETURN_TYPE = YES_ERROR;
				GCC_WARN_UNDECLARED_SELECTOR = YES;
				GCC_WARN_UNINITIALIZED_AUTOS = YES_AGGRESSIVE;
				GCC_WARN_UNUSED_FUNCTION = YES;
				GCC_WARN_UNUSED_VARIABLE = YES;
				IPHONEOS_DEPLOYMENT_TARGET = 9.1;
				MTL_ENABLE_DEBUG_INFO = YES;
				ONLY_ACTIVE_ARCH = YES;
				SDKROOT = iphoneos;
				SWIFT_OPTIMIZATION_LEVEL = "-Onone";
				TARGETED_DEVICE_FAMILY = "1,2";
			};
			name = Debug;
		};
		F90939F71C08860100F1F629 /* Release */ = {
			isa = XCBuildConfiguration;
			buildSettings = {
				ALWAYS_SEARCH_USER_PATHS = NO;
				CLANG_CXX_LANGUAGE_STANDARD = "gnu++0x";
				CLANG_CXX_LIBRARY = "libc++";
				CLANG_ENABLE_MODULES = YES;
				CLANG_ENABLE_OBJC_ARC = YES;
				CLANG_WARN_BOOL_CONVERSION = YES;
				CLANG_WARN_CONSTANT_CONVERSION = YES;
				CLANG_WARN_DIRECT_OBJC_ISA_USAGE = YES_ERROR;
				CLANG_WARN_EMPTY_BODY = YES;
				CLANG_WARN_ENUM_CONVERSION = YES;
				CLANG_WARN_INT_CONVERSION = YES;
				CLANG_WARN_OBJC_ROOT_CLASS = YES_ERROR;
				CLANG_WARN_UNREACHABLE_CODE = YES;
				CLANG_WARN__DUPLICATE_METHOD_MATCH = YES;
				"CODE_SIGN_IDENTITY[sdk=iphoneos*]" = "iPhone Developer";
				COPY_PHASE_STRIP = NO;
				DEBUG_INFORMATION_FORMAT = "dwarf-with-dsym";
				ENABLE_NS_ASSERTIONS = NO;
				ENABLE_STRICT_OBJC_MSGSEND = YES;
				GCC_C_LANGUAGE_STANDARD = gnu99;
				GCC_NO_COMMON_BLOCKS = YES;
				GCC_WARN_64_TO_32_BIT_CONVERSION = YES;
				GCC_WARN_ABOUT_RETURN_TYPE = YES_ERROR;
				GCC_WARN_UNDECLARED_SELECTOR = YES;
				GCC_WARN_UNINITIALIZED_AUTOS = YES_AGGRESSIVE;
				GCC_WARN_UNUSED_FUNCTION = YES;
				GCC_WARN_UNUSED_VARIABLE = YES;
				IPHONEOS_DEPLOYMENT_TARGET = 9.1;
				MTL_ENABLE_DEBUG_INFO = NO;
				SDKROOT = iphoneos;
				TARGETED_DEVICE_FAMILY = "1,2";
				VALIDATE_PRODUCT = YES;
			};
			name = Release;
		};
		F90939F91C08860100F1F629 /* Debug */ = {
			isa = XCBuildConfiguration;
			buildSettings = {
				ASSETCATALOG_COMPILER_APPICON_NAME = AppIcon;
				INFOPLIST_FILE = UITableViewAndUISearchBar/Info.plist;
				IPHONEOS_DEPLOYMENT_TARGET = 8.1;
				LD_RUNPATH_SEARCH_PATHS = "$(inherited) @executable_path/Frameworks";
				PRODUCT_BUNDLE_IDENTIFIER = com.qimuyunduan.UITableViewAndUISearchBar;
				PRODUCT_NAME = "$(TARGET_NAME)";
			};
			name = Debug;
		};
		F90939FA1C08860100F1F629 /* Release */ = {
			isa = XCBuildConfiguration;
			buildSettings = {
				ASSETCATALOG_COMPILER_APPICON_NAME = AppIcon;
				INFOPLIST_FILE = UITableViewAndUISearchBar/Info.plist;
				IPHONEOS_DEPLOYMENT_TARGET = 8.1;
				LD_RUNPATH_SEARCH_PATHS = "$(inherited) @executable_path/Frameworks";
				PRODUCT_BUNDLE_IDENTIFIER = com.qimuyunduan.UITableViewAndUISearchBar;
				PRODUCT_NAME = "$(TARGET_NAME)";
			};
			name = Release;
		};
/* End XCBuildConfiguration section */

/* Begin XCConfigurationList section */
		F90939E11C08860100F1F629 /* Build configuration list for PBXProject "UITableViewAndUISearchBar" */ = {
			isa = XCConfigurationList;
			buildConfigurations = (
				F90939F61C08860100F1F629 /* Debug */,
				F90939F71C08860100F1F629 /* Release */,
			);
			defaultConfigurationIsVisible = 0;
			defaultConfigurationName = Release;
		};
		F90939F81C08860100F1F629 /* Build configuration list for PBXNativeTarget "UITableViewAndUISearchBar" */ = {
			isa = XCConfigurationList;
			buildConfigurations = (
				F90939F91C08860100F1F629 /* Debug */,
				F90939FA1C08860100F1F629 /* Release */,
			);
			defaultConfigurationIsVisible = 0;
			defaultConfigurationName = Release;
		};
/* End XCConfigurationList section */
	};
	rootObject = F90939DE1C08860100F1F629 /* Project object */;
}
