// !$*UTF8*$!
{
	archiveVersion = 1;
	classes = {
	};
	objectVersion = 46;
	objects = {

/* Begin PBXBuildFile section */
		F91ACCC81C1AFD00004A6286 /* AppDelegate.swift in Sources */ = {isa = PBXBuildFile; fileRef = F91ACCC71C1AFD00004A6286 /* AppDelegate.swift */; };
		F91ACCCA1C1AFD00004A6286 /* ViewController.swift in Sources */ = {isa = PBXBuildFile; fileRef = F91ACCC91C1AFD00004A6286 /* ViewController.swift */; };
		F91ACCCD1C1AFD00004A6286 /* Main.storyboard in Resources */ = {isa = PBXBuildFile; fileRef = F91ACCCB1C1AFD00004A6286 /* Main.storyboard */; };
		F91ACCCF1C1AFD00004A6286 /* Assets.xcassets in Resources */ = {isa = PBXBuildFile; fileRef = F91ACCCE1C1AFD00004A6286 /* Assets.xcassets */; };
		F91ACCD21C1AFD00004A6286 /* LaunchScreen.storyboard in Resources */ = {isa = PBXBuildFile; fileRef = F91ACCD01C1AFD00004A6286 /* LaunchScreen.storyboard */; };
/* End PBXBuildFile section */

/* Begin PBXFileReference section */
		F91ACCC41C1AFD00004A6286 /* UIPickerView.app */ = {isa = PBXFileReference; explicitFileType = wrapper.application; includeInIndex = 0; path = UIPickerView.app; sourceTree = BUILT_PRODUCTS_DIR; };
		F91ACCC71C1AFD00004A6286 /* AppDelegate.swift */ = {isa = PBXFileReference; lastKnownFileType = sourcecode.swift; path = AppDelegate.swift; sourceTree = "<group>"; };
		F91ACCC91C1AFD00004A6286 /* ViewController.swift */ = {isa = PBXFileReference; lastKnownFileType = sourcecode.swift; path = ViewController.swift; sourceTree = "<group>"; };
		F91ACCCC1C1AFD00004A6286 /* Base */ = {isa = PBXFileReference; lastKnownFileType = file.storyboard; name = Base; path = Base.lproj/Main.storyboard; sourceTree = "<group>"; };
		F91ACCCE1C1AFD00004A6286 /* Assets.xcassets */ = {isa = PBXFileReference; lastKnownFileType = folder.assetcatalog; path = Assets.xcassets; sourceTree = "<group>"; };
		F91ACCD11C1AFD00004A6286 /* Base */ = {isa = PBXFileReference; lastKnownFileType = file.storyboard; name = Base; path = Base.lproj/LaunchScreen.storyboard; sourceTree = "<group>"; };
		F91ACCD31C1AFD00004A6286 /* Info.plist */ = {isa = PBXFileReference; lastKnownFileType = text.plist.xml; path = Info.plist; sourceTree = "<group>"; };
/* End PBXFileReference section */

/* Begin PBXFrameworksBuildPhase section */
		F91ACCC11C1AFD00004A6286 /* Frameworks */ = {
			isa = PBXFrameworksBuildPhase;
			buildActionMask = 2147483647;
			files = (
			);
			runOnlyForDeploymentPostprocessing = 0;
		};
/* End PBXFrameworksBuildPhase section */

/* Begin PBXGroup section */
		F91ACCBB1C1AFD00004A6286 = {
			isa = PBXGroup;
			children = (
				F91ACCC61C1AFD00004A6286 /* UIPickerView */,
				F91ACCC51C1AFD00004A6286 /* Products */,
			);
			sourceTree = "<group>";
		};
		F91ACCC51C1AFD00004A6286 /* Products */ = {
			isa = PBXGroup;
			children = (
				F91ACCC41C1AFD00004A6286 /* UIPickerView.app */,
			);
			name = Products;
			sourceTree = "<group>";
		};
		F91ACCC61C1AFD00004A6286 /* UIPickerView */ = {
			isa = PBXGroup;
			children = (
				F91ACCC71C1AFD00004A6286 /* AppDelegate.swift */,
				F91ACCC91C1AFD00004A6286 /* ViewController.swift */,
				F91ACCCB1C1AFD00004A6286 /* Main.storyboard */,
				F91ACCCE1C1AFD00004A6286 /* Assets.xcassets */,
				F91ACCD01C1AFD00004A6286 /* LaunchScreen.storyboard */,
				F91ACCD31C1AFD00004A6286 /* Info.plist */,
			);
			path = UIPickerView;
			sourceTree = "<group>";
		};
/* End PBXGroup section */

/* Begin PBXNativeTarget section */
		F91ACCC31C1AFD00004A6286 /* UIPickerView */ = {
			isa = PBXNativeTarget;
			buildConfigurationList = F91ACCD61C1AFD00004A6286 /* Build configuration list for PBXNativeTarget "UIPickerView" */;
			buildPhases = (
				F91ACCC01C1AFD00004A6286 /* Sources */,
				F91ACCC11C1AFD00004A6286 /* Frameworks */,
				F91ACCC21C1AFD00004A6286 /* Resources */,
			);
			buildRules = (
			);
			dependencies = (
			);
			name = UIPickerView;
			productName = UIPickerView;
			productReference = F91ACCC41C1AFD00004A6286 /* UIPickerView.app */;
			productType = "com.apple.product-type.application";
		};
/* End PBXNativeTarget section */

/* Begin PBXProject section */
		F91ACCBC1C1AFD00004A6286 /* Project object */ = {
			isa = PBXProject;
			attributes = {
				LastSwiftUpdateCheck = 0720;
				LastUpgradeCheck = 0720;
				ORGANIZATIONNAME = qimuyunduan;
				TargetAttributes = {
					F91ACCC31C1AFD00004A6286 = {
						CreatedOnToolsVersion = 7.2;
					};
				};
			};
			buildConfigurationList = F91ACCBF1C1AFD00004A6286 /* Build configuration list for PBXProject "UIPickerView" */;
			compatibilityVersion = "Xcode 3.2";
			developmentRegion = English;
			hasScannedForEncodings = 0;
			knownRegions = (
				en,
				Base,
			);
			mainGroup = F91ACCBB1C1AFD00004A6286;
			productRefGroup = F91ACCC51C1AFD00004A6286 /* Products */;
			projectDirPath = "";
			projectRoot = "";
			targets = (
				F91ACCC31C1AFD00004A6286 /* UIPickerView */,
			);
		};
/* End PBXProject section */

/* Begin PBXResourcesBuildPhase section */
		F91ACCC21C1AFD00004A6286 /* Resources */ = {
			isa = PBXResourcesBuildPhase;
			buildActionMask = 2147483647;
			files = (
				F91ACCD21C1AFD00004A6286 /* LaunchScreen.storyboard in Resources */,
				F91ACCCF1C1AFD00004A6286 /* Assets.xcassets in Resources */,
				F91ACCCD1C1AFD00004A6286 /* Main.storyboard in Resources */,
			);
			runOnlyForDeploymentPostprocessing = 0;
		};
/* End PBXResourcesBuildPhase section */

/* Begin PBXSourcesBuildPhase section */
		F91ACCC01C1AFD00004A6286 /* Sources */ = {
			isa = PBXSourcesBuildPhase;
			buildActionMask = 2147483647;
			files = (
				F91ACCCA1C1AFD00004A6286 /* ViewController.swift in Sources */,
				F91ACCC81C1AFD00004A6286 /* AppDelegate.swift in Sources */,
			);
			runOnlyForDeploymentPostprocessing = 0;
		};
/* End PBXSourcesBuildPhase section */

/* Begin PBXVariantGroup section */
		F91ACCCB1C1AFD00004A6286 /* Main.storyboard */ = {
			isa = PBXVariantGroup;
			children = (
				F91ACCCC1C1AFD00004A6286 /* Base */,
			);
			name = Main.storyboard;
			sourceTree = "<group>";
		};
		F91ACCD01C1AFD00004A6286 /* LaunchScreen.storyboard */ = {
			isa = PBXVariantGroup;
			children = (
				F91ACCD11C1AFD00004A6286 /* Base */,
			);
			name = LaunchScreen.storyboard;
			sourceTree = "<group>";
		};
/* End PBXVariantGroup section */

/* Begin XCBuildConfiguration section */
		F91ACCD41C1AFD00004A6286 /* Debug */ = {
			isa = XCBuildConfiguration;
			buildSettings = {
				ALWAYS_SEARCH_USER_PATHS = NO;
				CLANG_CXX_LANGUAGE_STANDARD = "gnu++0x";
				CLANG_CXX_LIBRARY = "libc++";
				CLANG_ENABLE_MODULES = YES;
				CLANG_ENABLE_OBJC_ARC = YES;
				CLANG_WARN_BOOL_CONVERSION = YES;
				CLANG_WARN_CONSTANT_CONVERSION = YES;
				CLANG_WARN_DIRECT_OBJC_ISA_USAGE = YES_ERROR;
				CLANG_WARN_EMPTY_BODY = YES;
				CLANG_WARN_ENUM_CONVERSION = YES;
				CLANG_WARN_INT_CONVERSION = YES;
				CLANG_WARN_OBJC_ROOT_CLASS = YES_ERROR;
				CLANG_WARN_UNREACHABLE_CODE = YES;
				CLANG_WARN__DUPLICATE_METHOD_MATCH = YES;
				"CODE_SIGN_IDENTITY[sdk=iphoneos*]" = "iPhone Developer";
				COPY_PHASE_STRIP = NO;
				DEBUG_INFORMATION_FORMAT = dwarf;
				ENABLE_STRICT_OBJC_MSGSEND = YES;
				ENABLE_TESTABILITY = YES;
				GCC_C_LANGUAGE_STANDARD = gnu99;
				GCC_DYNAMIC_NO_PIC = NO;
				GCC_NO_COMMON_BLOCKS = YES;
				GCC_OPTIMIZATION_LEVEL = 0;
				GCC_PREPROCESSOR_DEFINITIONS = (
					"DEBUG=1",
					"$(inherited)",
				);
				GCC_WARN_64_TO_32_BIT_CONVERSION = YES;
				GCC_WARN_ABOUT_RETURN_TYPE = YES_ERROR;
				GCC_WARN_UNDECLARED_SELECTOR = YES;
				GCC_WARN_UNINITIALIZED_AUTOS = YES_AGGRESSIVE;
				GCC_WARN_UNUSED_FUNCTION = YES;
				GCC_WARN_UNUSED_VARIABLE = YES;
				IPHONEOS_DEPLOYMENT_TARGET = 9.2;
				MTL_ENABLE_DEBUG_INFO = YES;
				ONLY_ACTIVE_ARCH = YES;
				SDKROOT = iphoneos;
				SWIFT_OPTIMIZATION_LEVEL = "-Onone";
				TARGETED_DEVICE_FAMILY = "1,2";
			};
			name = Debug;
		};
		F91ACCD51C1AFD00004A6286 /* Release */ = {
			isa = XCBuildConfiguration;
			buildSettings = {
				ALWAYS_SEARCH_USER_PATHS = NO;
				CLANG_CXX_LANGUAGE_STANDARD = "gnu++0x";
				CLANG_CXX_LIBRARY = "libc++";
				CLANG_ENABLE_MODULES = YES;
				CLANG_ENABLE_OBJC_ARC = YES;
				CLANG_WARN_BOOL_CONVERSION = YES;
				CLANG_WARN_CONSTANT_CONVERSION = YES;
				CLANG_WARN_DIRECT_OBJC_ISA_USAGE = YES_ERROR;
				CLANG_WARN_EMPTY_BODY = YES;
				CLANG_WARN_ENUM_CONVERSION = YES;
				CLANG_WARN_INT_CONVERSION = YES;
				CLANG_WARN_OBJC_ROOT_CLASS = YES_ERROR;
				CLANG_WARN_UNREACHABLE_CODE = YES;
				CLANG_WARN__DUPLICATE_METHOD_MATCH = YES;
				"CODE_SIGN_IDENTITY[sdk=iphoneos*]" = "iPhone Developer";
				COPY_PHASE_STRIP = NO;
				DEBUG_INFORMATION_FORMAT = "dwarf-with-dsym";
				ENABLE_NS_ASSERTIONS = NO;
				ENABLE_STRICT_OBJC_MSGSEND = YES;
				GCC_C_LANGUAGE_STANDARD = gnu99;
				GCC_NO_COMMON_BLOCKS = YES;
				GCC_WARN_64_TO_32_BIT_CONVERSION = YES;
				GCC_WARN_ABOUT_RETURN_TYPE = YES_ERROR;
				GCC_WARN_UNDECLARED_SELECTOR = YES;
				GCC_WARN_UNINITIALIZED_AUTOS = YES_AGGRESSIVE;
				GCC_WARN_UNUSED_FUNCTION = YES;
				GCC_WARN_UNUSED_VARIABLE = YES;
				IPHONEOS_DEPLOYMENT_TARGET = 9.2;
				MTL_ENABLE_DEBUG_INFO = NO;
				SDKROOT = iphoneos;
				TARGETED_DEVICE_FAMILY = "1,2";
				VALIDATE_PRODUCT = YES;
			};
			name = Release;
		};
		F91ACCD71C1AFD00004A6286 /* Debug */ = {
			isa = XCBuildConfiguration;
			buildSettings = {
				ASSETCATALOG_COMPILER_APPICON_NAME = AppIcon;
				INFOPLIST_FILE = UIPickerView/Info.plist;
				LD_RUNPATH_SEARCH_PATHS = "$(inherited) @executable_path/Frameworks";
				PRODUCT_BUNDLE_IDENTIFIER = com.qimuyunduan.UIPickerView;
				PRODUCT_NAME = "$(TARGET_NAME)";
			};
			name = Debug;
		};
		F91ACCD81C1AFD00004A6286 /* Release */ = {
			isa = XCBuildConfiguration;
			buildSettings = {
				ASSETCATALOG_COMPILER_APPICON_NAME = AppIcon;
				INFOPLIST_FILE = UIPickerView/Info.plist;
				LD_RUNPATH_SEARCH_PATHS = "$(inherited) @executable_path/Frameworks";
				PRODUCT_BUNDLE_IDENTIFIER = com.qimuyunduan.UIPickerView;
				PRODUCT_NAME = "$(TARGET_NAME)";
			};
			name = Release;
		};
/* End XCBuildConfiguration section */

/* Begin XCConfigurationList section */
		F91ACCBF1C1AFD00004A6286 /* Build configuration list for PBXProject "UIPickerView" */ = {
			isa = XCConfigurationList;
			buildConfigurations = (
				F91ACCD41C1AFD00004A6286 /* Debug */,
				F91ACCD51C1AFD00004A6286 /* Release */,
			);
			defaultConfigurationIsVisible = 0;
			defaultConfigurationName = Release;
		};
		F91ACCD61C1AFD00004A6286 /* Build configuration list for PBXNativeTarget "UIPickerView" */ = {
			isa = XCConfigurationList;
			buildConfigurations = (
				F91ACCD71C1AFD00004A6286 /* Debug */,
				F91ACCD81C1AFD00004A6286 /* Release */,
			);
			defaultConfigurationIsVisible = 0;
		};
/* End XCConfigurationList section */
	};
	rootObject = F91ACCBC1C1AFD00004A6286 /* Project object */;
}
