// !$*UTF8*$!
{
	archiveVersion = 1;
	classes = {
	};
	objectVersion = 46;
	objects = {

/* Begin PBXBuildFile section */
		F9DD0EF51C9455AC007186AE /* AppDelegate.swift in Sources */ = {isa = PBXBuildFile; fileRef = F9DD0EF41C9455AC007186AE /* AppDelegate.swift */; };
		F9DD0EF71C9455AC007186AE /* ViewController.swift in Sources */ = {isa = PBXBuildFile; fileRef = F9DD0EF61C9455AC007186AE /* ViewController.swift */; };
		F9DD0EFA1C9455AC007186AE /* Main.storyboard in Resources */ = {isa = PBXBuildFile; fileRef = F9DD0EF81C9455AC007186AE /* Main.storyboard */; };
		F9DD0EFC1C9455AC007186AE /* Assets.xcassets in Resources */ = {isa = PBXBuildFile; fileRef = F9DD0EFB1C9455AC007186AE /* Assets.xcassets */; };
		F9DD0EFF1C9455AC007186AE /* LaunchScreen.storyboard in Resources */ = {isa = PBXBuildFile; fileRef = F9DD0EFD1C9455AC007186AE /* LaunchScreen.storyboard */; };
		F9DD0F071C945960007186AE /* UILabelCopy.swift in Sources */ = {isa = PBXBuildFile; fileRef = F9DD0F061C945960007186AE /* UILabelCopy.swift */; };
		F9F1B54B1C94FA1A000C22AD /* UIImageCopy.swift in Sources */ = {isa = PBXBuildFile; fileRef = F9F1B54A1C94FA1A000C22AD /* UIImageCopy.swift */; };
		F9F1B54D1C95018A000C22AD /* 11.jpg in Resources */ = {isa = PBXBuildFile; fileRef = F9F1B54C1C95018A000C22AD /* 11.jpg */; };
/* End PBXBuildFile section */

/* Begin PBXFileReference section */
		F9DD0EF11C9455AC007186AE /* UIPasteboard.app */ = {isa = PBXFileReference; explicitFileType = wrapper.application; includeInIndex = 0; path = UIPasteboard.app; sourceTree = BUILT_PRODUCTS_DIR; };
		F9DD0EF41C9455AC007186AE /* AppDelegate.swift */ = {isa = PBXFileReference; lastKnownFileType = sourcecode.swift; path = AppDelegate.swift; sourceTree = "<group>"; };
		F9DD0EF61C9455AC007186AE /* ViewController.swift */ = {isa = PBXFileReference; lastKnownFileType = sourcecode.swift; path = ViewController.swift; sourceTree = "<group>"; };
		F9DD0EF91C9455AC007186AE /* Base */ = {isa = PBXFileReference; lastKnownFileType = file.storyboard; name = Base; path = Base.lproj/Main.storyboard; sourceTree = "<group>"; };
		F9DD0EFB1C9455AC007186AE /* Assets.xcassets */ = {isa = PBXFileReference; lastKnownFileType = folder.assetcatalog; path = Assets.xcassets; sourceTree = "<group>"; };
		F9DD0EFE1C9455AC007186AE /* Base */ = {isa = PBXFileReference; lastKnownFileType = file.storyboard; name = Base; path = Base.lproj/LaunchScreen.storyboard; sourceTree = "<group>"; };
		F9DD0F001C9455AC007186AE /* Info.plist */ = {isa = PBXFileReference; lastKnownFileType = text.plist.xml; path = Info.plist; sourceTree = "<group>"; };
		F9DD0F061C945960007186AE /* UILabelCopy.swift */ = {isa = PBXFileReference; fileEncoding = 4; lastKnownFileType = sourcecode.swift; path = UILabelCopy.swift; sourceTree = "<group>"; };
		F9F1B54A1C94FA1A000C22AD /* UIImageCopy.swift */ = {isa = PBXFileReference; fileEncoding = 4; lastKnownFileType = sourcecode.swift; path = UIImageCopy.swift; sourceTree = "<group>"; };
		F9F1B54C1C95018A000C22AD /* 11.jpg */ = {isa = PBXFileReference; lastKnownFileType = image.jpeg; name = 11.jpg; path = ../../../11.jpg; sourceTree = "<group>"; };
/* End PBXFileReference section */

/* Begin PBXFrameworksBuildPhase section */
		F9DD0EEE1C9455AC007186AE /* Frameworks */ = {
			isa = PBXFrameworksBuildPhase;
			buildActionMask = 2147483647;
			files = (
			);
			runOnlyForDeploymentPostprocessing = 0;
		};
/* End PBXFrameworksBuildPhase section */

/* Begin PBXGroup section */
		F9DD0EE81C9455AC007186AE = {
			isa = PBXGroup;
			children = (
				F9DD0EF31C9455AC007186AE /* UIPasteboard */,
				F9DD0EF21C9455AC007186AE /* Products */,
			);
			sourceTree = "<group>";
		};
		F9DD0EF21C9455AC007186AE /* Products */ = {
			isa = PBXGroup;
			children = (
				F9DD0EF11C9455AC007186AE /* UIPasteboard.app */,
			);
			name = Products;
			sourceTree = "<group>";
		};
		F9DD0EF31C9455AC007186AE /* UIPasteboard */ = {
			isa = PBXGroup;
			children = (
				F9DD0EF41C9455AC007186AE /* AppDelegate.swift */,
				F9DD0EF61C9455AC007186AE /* ViewController.swift */,
				F9DD0F061C945960007186AE /* UILabelCopy.swift */,
				F9F1B54A1C94FA1A000C22AD /* UIImageCopy.swift */,
				F9DD0EF81C9455AC007186AE /* Main.storyboard */,
				F9DD0EFB1C9455AC007186AE /* Assets.xcassets */,
				F9F1B54C1C95018A000C22AD /* 11.jpg */,
				F9DD0EFD1C9455AC007186AE /* LaunchScreen.storyboard */,
				F9DD0F001C9455AC007186AE /* Info.plist */,
			);
			path = UIPasteboard;
			sourceTree = "<group>";
		};
/* End PBXGroup section */

/* Begin PBXNativeTarget section */
		F9DD0EF01C9455AC007186AE /* UIPasteboard */ = {
			isa = PBXNativeTarget;
			buildConfigurationList = F9DD0F031C9455AC007186AE /* Build configuration list for PBXNativeTarget "UIPasteboard" */;
			buildPhases = (
				F9DD0EED1C9455AC007186AE /* Sources */,
				F9DD0EEE1C9455AC007186AE /* Frameworks */,
				F9DD0EEF1C9455AC007186AE /* Resources */,
			);
			buildRules = (
			);
			dependencies = (
			);
			name = UIPasteboard;
			productName = UIPasteboard;
			productReference = F9DD0EF11C9455AC007186AE /* UIPasteboard.app */;
			productType = "com.apple.product-type.application";
		};
/* End PBXNativeTarget section */

/* Begin PBXProject section */
		F9DD0EE91C9455AC007186AE /* Project object */ = {
			isa = PBXProject;
			attributes = {
				LastSwiftUpdateCheck = 0720;
				LastUpgradeCheck = 0720;
				ORGANIZATIONNAME = qimuyunduan;
				TargetAttributes = {
					F9DD0EF01C9455AC007186AE = {
						CreatedOnToolsVersion = 7.2.1;
					};
				};
			};
			buildConfigurationList = F9DD0EEC1C9455AC007186AE /* Build configuration list for PBXProject "UIPasteboard" */;
			compatibilityVersion = "Xcode 3.2";
			developmentRegion = English;
			hasScannedForEncodings = 0;
			knownRegions = (
				en,
				Base,
			);
			mainGroup = F9DD0EE81C9455AC007186AE;
			productRefGroup = F9DD0EF21C9455AC007186AE /* Products */;
			projectDirPath = "";
			projectRoot = "";
			targets = (
				F9DD0EF01C9455AC007186AE /* UIPasteboard */,
			);
		};
/* End PBXProject section */

/* Begin PBXResourcesBuildPhase section */
		F9DD0EEF1C9455AC007186AE /* Resources */ = {
			isa = PBXResourcesBuildPhase;
			buildActionMask = 2147483647;
			files = (
				F9DD0EFF1C9455AC007186AE /* LaunchScreen.storyboard in Resources */,
				F9DD0EFC1C9455AC007186AE /* Assets.xcassets in Resources */,
				F9DD0EFA1C9455AC007186AE /* Main.storyboard in Resources */,
				F9F1B54D1C95018A000C22AD /* 11.jpg in Resources */,
			);
			runOnlyForDeploymentPostprocessing = 0;
		};
/* End PBXResourcesBuildPhase section */

/* Begin PBXSourcesBuildPhase section */
		F9DD0EED1C9455AC007186AE /* Sources */ = {
			isa = PBXSourcesBuildPhase;
			buildActionMask = 2147483647;
			files = (
				F9F1B54B1C94FA1A000C22AD /* UIImageCopy.swift in Sources */,
				F9DD0EF71C9455AC007186AE /* ViewController.swift in Sources */,
				F9DD0F071C945960007186AE /* UILabelCopy.swift in Sources */,
				F9DD0EF51C9455AC007186AE /* AppDelegate.swift in Sources */,
			);
			runOnlyForDeploymentPostprocessing = 0;
		};
/* End PBXSourcesBuildPhase section */

/* Begin PBXVariantGroup section */
		F9DD0EF81C9455AC007186AE /* Main.storyboard */ = {
			isa = PBXVariantGroup;
			children = (
				F9DD0EF91C9455AC007186AE /* Base */,
			);
			name = Main.storyboard;
			sourceTree = "<group>";
		};
		F9DD0EFD1C9455AC007186AE /* LaunchScreen.storyboard */ = {
			isa = PBXVariantGroup;
			children = (
				F9DD0EFE1C9455AC007186AE /* Base */,
			);
			name = LaunchScreen.storyboard;
			sourceTree = "<group>";
		};
/* End PBXVariantGroup section */

/* Begin XCBuildConfiguration section */
		F9DD0F011C9455AC007186AE /* Debug */ = {
			isa = XCBuildConfiguration;
			buildSettings = {
				ALWAYS_SEARCH_USER_PATHS = NO;
				CLANG_CXX_LANGUAGE_STANDARD = "gnu++0x";
				CLANG_CXX_LIBRARY = "libc++";
				CLANG_ENABLE_MODULES = YES;
				CLANG_ENABLE_OBJC_ARC = YES;
				CLANG_WARN_BOOL_CONVERSION = YES;
				CLANG_WARN_CONSTANT_CONVERSION = YES;
				CLANG_WARN_DIRECT_OBJC_ISA_USAGE = YES_ERROR;
				CLANG_WARN_EMPTY_BODY = YES;
				CLANG_WARN_ENUM_CONVERSION = YES;
				CLANG_WARN_INT_CONVERSION = YES;
				CLANG_WARN_OBJC_ROOT_CLASS = YES_ERROR;
				CLANG_WARN_UNREACHABLE_CODE = YES;
				CLANG_WARN__DUPLICATE_METHOD_MATCH = YES;
				"CODE_SIGN_IDENTITY[sdk=iphoneos*]" = "iPhone Developer";
				COPY_PHASE_STRIP = NO;
				DEBUG_INFORMATION_FORMAT = dwarf;
				ENABLE_STRICT_OBJC_MSGSEND = YES;
				ENABLE_TESTABILITY = YES;
				GCC_C_LANGUAGE_STANDARD = gnu99;
				GCC_DYNAMIC_NO_PIC = NO;
				GCC_NO_COMMON_BLOCKS = YES;
				GCC_OPTIMIZATION_LEVEL = 0;
				GCC_PREPROCESSOR_DEFINITIONS = (
					"DEBUG=1",
					"$(inherited)",
				);
				GCC_WARN_64_TO_32_BIT_CONVERSION = YES;
				GCC_WARN_ABOUT_RETURN_TYPE = YES_ERROR;
				GCC_WARN_UNDECLARED_SELECTOR = YES;
				GCC_WARN_UNINITIALIZED_AUTOS = YES_AGGRESSIVE;
				GCC_WARN_UNUSED_FUNCTION = YES;
				GCC_WARN_UNUSED_VARIABLE = YES;
				IPHONEOS_DEPLOYMENT_TARGET = 9.2;
				MTL_ENABLE_DEBUG_INFO = YES;
				ONLY_ACTIVE_ARCH = YES;
				SDKROOT = iphoneos;
				SWIFT_OPTIMIZATION_LEVEL = "-Onone";
				TARGETED_DEVICE_FAMILY = "1,2";
			};
			name = Debug;
		};
		F9DD0F021C9455AC007186AE /* Release */ = {
			isa = XCBuildConfiguration;
			buildSettings = {
				ALWAYS_SEARCH_USER_PATHS = NO;
				CLANG_CXX_LANGUAGE_STANDARD = "gnu++0x";
				CLANG_CXX_LIBRARY = "libc++";
				CLANG_ENABLE_MODULES = YES;
				CLANG_ENABLE_OBJC_ARC = YES;
				CLANG_WARN_BOOL_CONVERSION = YES;
				CLANG_WARN_CONSTANT_CONVERSION = YES;
				CLANG_WARN_DIRECT_OBJC_ISA_USAGE = YES_ERROR;
				CLANG_WARN_EMPTY_BODY = YES;
				CLANG_WARN_ENUM_CONVERSION = YES;
				CLANG_WARN_INT_CONVERSION = YES;
				CLANG_WARN_OBJC_ROOT_CLASS = YES_ERROR;
				CLANG_WARN_UNREACHABLE_CODE = YES;
				CLANG_WARN__DUPLICATE_METHOD_MATCH = YES;
				"CODE_SIGN_IDENTITY[sdk=iphoneos*]" = "iPhone Developer";
				COPY_PHASE_STRIP = NO;
				DEBUG_INFORMATION_FORMAT = "dwarf-with-dsym";
				ENABLE_NS_ASSERTIONS = NO;
				ENABLE_STRICT_OBJC_MSGSEND = YES;
				GCC_C_LANGUAGE_STANDARD = gnu99;
				GCC_NO_COMMON_BLOCKS = YES;
				GCC_WARN_64_TO_32_BIT_CONVERSION = YES;
				GCC_WARN_ABOUT_RETURN_TYPE = YES_ERROR;
				GCC_WARN_UNDECLARED_SELECTOR = YES;
				GCC_WARN_UNINITIALIZED_AUTOS = YES_AGGRESSIVE;
				GCC_WARN_UNUSED_FUNCTION = YES;
				GCC_WARN_UNUSED_VARIABLE = YES;
				IPHONEOS_DEPLOYMENT_TARGET = 9.2;
				MTL_ENABLE_DEBUG_INFO = NO;
				SDKROOT = iphoneos;
				TARGETED_DEVICE_FAMILY = "1,2";
				VALIDATE_PRODUCT = YES;
			};
			name = Release;
		};
		F9DD0F041C9455AC007186AE /* Debug */ = {
			isa = XCBuildConfiguration;
			buildSettings = {
				ASSETCATALOG_COMPILER_APPICON_NAME = AppIcon;
				INFOPLIST_FILE = UIPasteboard/Info.plist;
				IPHONEOS_DEPLOYMENT_TARGET = 8.1;
				LD_RUNPATH_SEARCH_PATHS = "$(inherited) @executable_path/Frameworks";
				PRODUCT_BUNDLE_IDENTIFIER = com.qimuyunduan.UIPasteboard;
				PRODUCT_NAME = "$(TARGET_NAME)";
			};
			name = Debug;
		};
		F9DD0F051C9455AC007186AE /* Release */ = {
			isa = XCBuildConfiguration;
			buildSettings = {
				ASSETCATALOG_COMPILER_APPICON_NAME = AppIcon;
				INFOPLIST_FILE = UIPasteboard/Info.plist;
				IPHONEOS_DEPLOYMENT_TARGET = 8.1;
				LD_RUNPATH_SEARCH_PATHS = "$(inherited) @executable_path/Frameworks";
				PRODUCT_BUNDLE_IDENTIFIER = com.qimuyunduan.UIPasteboard;
				PRODUCT_NAME = "$(TARGET_NAME)";
			};
			name = Release;
		};
/* End XCBuildConfiguration section */

/* Begin XCConfigurationList section */
		F9DD0EEC1C9455AC007186AE /* Build configuration list for PBXProject "UIPasteboard" */ = {
			isa = XCConfigurationList;
			buildConfigurations = (
				F9DD0F011C9455AC007186AE /* Debug */,
				F9DD0F021C9455AC007186AE /* Release */,
			);
			defaultConfigurationIsVisible = 0;
			defaultConfigurationName = Release;
		};
		F9DD0F031C9455AC007186AE /* Build configuration list for PBXNativeTarget "UIPasteboard" */ = {
			isa = XCConfigurationList;
			buildConfigurations = (
				F9DD0F041C9455AC007186AE /* Debug */,
				F9DD0F051C9455AC007186AE /* Release */,
			);
			defaultConfigurationIsVisible = 0;
			defaultConfigurationName = Release;
		};
/* End XCConfigurationList section */
	};
	rootObject = F9DD0EE91C9455AC007186AE /* Project object */;
}
