// !$*UTF8*$!
{
	archiveVersion = 1;
	classes = {
	};
	objectVersion = 46;
	objects = {

/* Begin PBXBuildFile section */
		F95C69C61CA80E930071349F /* AppDelegate.swift in Sources */ = {isa = PBXBuildFile; fileRef = F95C69C51CA80E930071349F /* AppDelegate.swift */; };
		F95C69C81CA80E930071349F /* ViewController.swift in Sources */ = {isa = PBXBuildFile; fileRef = F95C69C71CA80E930071349F /* ViewController.swift */; };
		F95C69CB1CA80E930071349F /* Main.storyboard in Resources */ = {isa = PBXBuildFile; fileRef = F95C69C91CA80E930071349F /* Main.storyboard */; };
		F95C69CD1CA80E930071349F /* Assets.xcassets in Resources */ = {isa = PBXBuildFile; fileRef = F95C69CC1CA80E930071349F /* Assets.xcassets */; };
		F95C69D01CA80E930071349F /* LaunchScreen.storyboard in Resources */ = {isa = PBXBuildFile; fileRef = F95C69CE1CA80E930071349F /* LaunchScreen.storyboard */; };
		F95C69D81CA814080071349F /* ValidateURL.swift in Sources */ = {isa = PBXBuildFile; fileRef = F95C69D71CA814080071349F /* ValidateURL.swift */; };
/* End PBXBuildFile section */

/* Begin PBXFileReference section */
		F95C69C21CA80E930071349F /* NSDataDetector.app */ = {isa = PBXFileReference; explicitFileType = wrapper.application; includeInIndex = 0; path = NSDataDetector.app; sourceTree = BUILT_PRODUCTS_DIR; };
		F95C69C51CA80E930071349F /* AppDelegate.swift */ = {isa = PBXFileReference; lastKnownFileType = sourcecode.swift; path = AppDelegate.swift; sourceTree = "<group>"; };
		F95C69C71CA80E930071349F /* ViewController.swift */ = {isa = PBXFileReference; lastKnownFileType = sourcecode.swift; path = ViewController.swift; sourceTree = "<group>"; };
		F95C69CA1CA80E930071349F /* Base */ = {isa = PBXFileReference; lastKnownFileType = file.storyboard; name = Base; path = Base.lproj/Main.storyboard; sourceTree = "<group>"; };
		F95C69CC1CA80E930071349F /* Assets.xcassets */ = {isa = PBXFileReference; lastKnownFileType = folder.assetcatalog; path = Assets.xcassets; sourceTree = "<group>"; };
		F95C69CF1CA80E930071349F /* Base */ = {isa = PBXFileReference; lastKnownFileType = file.storyboard; name = Base; path = Base.lproj/LaunchScreen.storyboard; sourceTree = "<group>"; };
		F95C69D11CA80E930071349F /* Info.plist */ = {isa = PBXFileReference; lastKnownFileType = text.plist.xml; path = Info.plist; sourceTree = "<group>"; };
		F95C69D71CA814080071349F /* ValidateURL.swift */ = {isa = PBXFileReference; fileEncoding = 4; lastKnownFileType = sourcecode.swift; path = ValidateURL.swift; sourceTree = "<group>"; };
/* End PBXFileReference section */

/* Begin PBXFrameworksBuildPhase section */
		F95C69BF1CA80E930071349F /* Frameworks */ = {
			isa = PBXFrameworksBuildPhase;
			buildActionMask = 2147483647;
			files = (
			);
			runOnlyForDeploymentPostprocessing = 0;
		};
/* End PBXFrameworksBuildPhase section */

/* Begin PBXGroup section */
		F95C69B91CA80E930071349F = {
			isa = PBXGroup;
			children = (
				F95C69C41CA80E930071349F /* NSDataDetector */,
				F95C69C31CA80E930071349F /* Products */,
			);
			sourceTree = "<group>";
		};
		F95C69C31CA80E930071349F /* Products */ = {
			isa = PBXGroup;
			children = (
				F95C69C21CA80E930071349F /* NSDataDetector.app */,
			);
			name = Products;
			sourceTree = "<group>";
		};
		F95C69C41CA80E930071349F /* NSDataDetector */ = {
			isa = PBXGroup;
			children = (
				F95C69C51CA80E930071349F /* AppDelegate.swift */,
				F95C69C71CA80E930071349F /* ViewController.swift */,
				F95C69D71CA814080071349F /* ValidateURL.swift */,
				F95C69C91CA80E930071349F /* Main.storyboard */,
				F95C69CC1CA80E930071349F /* Assets.xcassets */,
				F95C69CE1CA80E930071349F /* LaunchScreen.storyboard */,
				F95C69D11CA80E930071349F /* Info.plist */,
			);
			path = NSDataDetector;
			sourceTree = "<group>";
		};
/* End PBXGroup section */

/* Begin PBXNativeTarget section */
		F95C69C11CA80E930071349F /* NSDataDetector */ = {
			isa = PBXNativeTarget;
			buildConfigurationList = F95C69D41CA80E930071349F /* Build configuration list for PBXNativeTarget "NSDataDetector" */;
			buildPhases = (
				F95C69BE1CA80E930071349F /* Sources */,
				F95C69BF1CA80E930071349F /* Frameworks */,
				F95C69C01CA80E930071349F /* Resources */,
			);
			buildRules = (
			);
			dependencies = (
			);
			name = NSDataDetector;
			productName = NSDataDetector;
			productReference = F95C69C21CA80E930071349F /* NSDataDetector.app */;
			productType = "com.apple.product-type.application";
		};
/* End PBXNativeTarget section */

/* Begin PBXProject section */
		F95C69BA1CA80E930071349F /* Project object */ = {
			isa = PBXProject;
			attributes = {
				LastSwiftUpdateCheck = 0730;
				LastUpgradeCheck = 0730;
				ORGANIZATIONNAME = qimuyunduan;
				TargetAttributes = {
					F95C69C11CA80E930071349F = {
						CreatedOnToolsVersion = 7.3;
					};
				};
			};
			buildConfigurationList = F95C69BD1CA80E930071349F /* Build configuration list for PBXProject "NSDataDetector" */;
			compatibilityVersion = "Xcode 3.2";
			developmentRegion = English;
			hasScannedForEncodings = 0;
			knownRegions = (
				en,
				Base,
			);
			mainGroup = F95C69B91CA80E930071349F;
			productRefGroup = F95C69C31CA80E930071349F /* Products */;
			projectDirPath = "";
			projectRoot = "";
			targets = (
				F95C69C11CA80E930071349F /* NSDataDetector */,
			);
		};
/* End PBXProject section */

/* Begin PBXResourcesBuildPhase section */
		F95C69C01CA80E930071349F /* Resources */ = {
			isa = PBXResourcesBuildPhase;
			buildActionMask = 2147483647;
			files = (
				F95C69D01CA80E930071349F /* LaunchScreen.storyboard in Resources */,
				F95C69CD1CA80E930071349F /* Assets.xcassets in Resources */,
				F95C69CB1CA80E930071349F /* Main.storyboard in Resources */,
			);
			runOnlyForDeploymentPostprocessing = 0;
		};
/* End PBXResourcesBuildPhase section */

/* Begin PBXSourcesBuildPhase section */
		F95C69BE1CA80E930071349F /* Sources */ = {
			isa = PBXSourcesBuildPhase;
			buildActionMask = 2147483647;
			files = (
				F95C69C81CA80E930071349F /* ViewController.swift in Sources */,
				F95C69C61CA80E930071349F /* AppDelegate.swift in Sources */,
				F95C69D81CA814080071349F /* ValidateURL.swift in Sources */,
			);
			runOnlyForDeploymentPostprocessing = 0;
		};
/* End PBXSourcesBuildPhase section */

/* Begin PBXVariantGroup section */
		F95C69C91CA80E930071349F /* Main.storyboard */ = {
			isa = PBXVariantGroup;
			children = (
				F95C69CA1CA80E930071349F /* Base */,
			);
			name = Main.storyboard;
			sourceTree = "<group>";
		};
		F95C69CE1CA80E930071349F /* LaunchScreen.storyboard */ = {
			isa = PBXVariantGroup;
			children = (
				F95C69CF1CA80E930071349F /* Base */,
			);
			name = LaunchScreen.storyboard;
			sourceTree = "<group>";
		};
/* End PBXVariantGroup section */

/* Begin XCBuildConfiguration section */
		F95C69D21CA80E930071349F /* Debug */ = {
			isa = XCBuildConfiguration;
			buildSettings = {
				ALWAYS_SEARCH_USER_PATHS = NO;
				CLANG_ANALYZER_NONNULL = YES;
				CLANG_CXX_LANGUAGE_STANDARD = "gnu++0x";
				CLANG_CXX_LIBRARY = "libc++";
				CLANG_ENABLE_MODULES = YES;
				CLANG_ENABLE_OBJC_ARC = YES;
				CLANG_WARN_BOOL_CONVERSION = YES;
				CLANG_WARN_CONSTANT_CONVERSION = YES;
				CLANG_WARN_DIRECT_OBJC_ISA_USAGE = YES_ERROR;
				CLANG_WARN_EMPTY_BODY = YES;
				CLANG_WARN_ENUM_CONVERSION = YES;
				CLANG_WARN_INT_CONVERSION = YES;
				CLANG_WARN_OBJC_ROOT_CLASS = YES_ERROR;
				CLANG_WARN_UNREACHABLE_CODE = YES;
				CLANG_WARN__DUPLICATE_METHOD_MATCH = YES;
				"CODE_SIGN_IDENTITY[sdk=iphoneos*]" = "iPhone Developer";
				COPY_PHASE_STRIP = NO;
				DEBUG_INFORMATION_FORMAT = dwarf;
				ENABLE_STRICT_OBJC_MSGSEND = YES;
				ENABLE_TESTABILITY = YES;
				GCC_C_LANGUAGE_STANDARD = gnu99;
				GCC_DYNAMIC_NO_PIC = NO;
				GCC_NO_COMMON_BLOCKS = YES;
				GCC_OPTIMIZATION_LEVEL = 0;
				GCC_PREPROCESSOR_DEFINITIONS = (
					"DEBUG=1",
					"$(inherited)",
				);
				GCC_WARN_64_TO_32_BIT_CONVERSION = YES;
				GCC_WARN_ABOUT_RETURN_TYPE = YES_ERROR;
				GCC_WARN_UNDECLARED_SELECTOR = YES;
				GCC_WARN_UNINITIALIZED_AUTOS = YES_AGGRESSIVE;
				GCC_WARN_UNUSED_FUNCTION = YES;
				GCC_WARN_UNUSED_VARIABLE = YES;
				IPHONEOS_DEPLOYMENT_TARGET = 9.3;
				MTL_ENABLE_DEBUG_INFO = YES;
				ONLY_ACTIVE_ARCH = YES;
				SDKROOT = iphoneos;
				SWIFT_OPTIMIZATION_LEVEL = "-Onone";
				TARGETED_DEVICE_FAMILY = "1,2";
			};
			name = Debug;
		};
		F95C69D31CA80E930071349F /* Release */ = {
			isa = XCBuildConfiguration;
			buildSettings = {
				ALWAYS_SEARCH_USER_PATHS = NO;
				CLANG_ANALYZER_NONNULL = YES;
				CLANG_CXX_LANGUAGE_STANDARD = "gnu++0x";
				CLANG_CXX_LIBRARY = "libc++";
				CLANG_ENABLE_MODULES = YES;
				CLANG_ENABLE_OBJC_ARC = YES;
				CLANG_WARN_BOOL_CONVERSION = YES;
				CLANG_WARN_CONSTANT_CONVERSION = YES;
				CLANG_WARN_DIRECT_OBJC_ISA_USAGE = YES_ERROR;
				CLANG_WARN_EMPTY_BODY = YES;
				CLANG_WARN_ENUM_CONVERSION = YES;
				CLANG_WARN_INT_CONVERSION = YES;
				CLANG_WARN_OBJC_ROOT_CLASS = YES_ERROR;
				CLANG_WARN_UNREACHABLE_CODE = YES;
				CLANG_WARN__DUPLICATE_METHOD_MATCH = YES;
				"CODE_SIGN_IDENTITY[sdk=iphoneos*]" = "iPhone Developer";
				COPY_PHASE_STRIP = NO;
				DEBUG_INFORMATION_FORMAT = "dwarf-with-dsym";
				ENABLE_NS_ASSERTIONS = NO;
				ENABLE_STRICT_OBJC_MSGSEND = YES;
				GCC_C_LANGUAGE_STANDARD = gnu99;
				GCC_NO_COMMON_BLOCKS = YES;
				GCC_WARN_64_TO_32_BIT_CONVERSION = YES;
				GCC_WARN_ABOUT_RETURN_TYPE = YES_ERROR;
				GCC_WARN_UNDECLARED_SELECTOR = YES;
				GCC_WARN_UNINITIALIZED_AUTOS = YES_AGGRESSIVE;
				GCC_WARN_UNUSED_FUNCTION = YES;
				GCC_WARN_UNUSED_VARIABLE = YES;
				IPHONEOS_DEPLOYMENT_TARGET = 9.3;
				MTL_ENABLE_DEBUG_INFO = NO;
				SDKROOT = iphoneos;
				TARGETED_DEVICE_FAMILY = "1,2";
				VALIDATE_PRODUCT = YES;
			};
			name = Release;
		};
		F95C69D51CA80E930071349F /* Debug */ = {
			isa = XCBuildConfiguration;
			buildSettings = {
				ASSETCATALOG_COMPILER_APPICON_NAME = AppIcon;
				INFOPLIST_FILE = NSDataDetector/Info.plist;
				LD_RUNPATH_SEARCH_PATHS = "$(inherited) @executable_path/Frameworks";
				PRODUCT_BUNDLE_IDENTIFIER = com.qimuyunduan.NSDataDetector;
				PRODUCT_NAME = "$(TARGET_NAME)";
			};
			name = Debug;
		};
		F95C69D61CA80E930071349F /* Release */ = {
			isa = XCBuildConfiguration;
			buildSettings = {
				ASSETCATALOG_COMPILER_APPICON_NAME = AppIcon;
				INFOPLIST_FILE = NSDataDetector/Info.plist;
				LD_RUNPATH_SEARCH_PATHS = "$(inherited) @executable_path/Frameworks";
				PRODUCT_BUNDLE_IDENTIFIER = com.qimuyunduan.NSDataDetector;
				PRODUCT_NAME = "$(TARGET_NAME)";
			};
			name = Release;
		};
/* End XCBuildConfiguration section */

/* Begin XCConfigurationList section */
		F95C69BD1CA80E930071349F /* Build configuration list for PBXProject "NSDataDetector" */ = {
			isa = XCConfigurationList;
			buildConfigurations = (
				F95C69D21CA80E930071349F /* Debug */,
				F95C69D31CA80E930071349F /* Release */,
			);
			defaultConfigurationIsVisible = 0;
			defaultConfigurationName = Release;
		};
		F95C69D41CA80E930071349F /* Build configuration list for PBXNativeTarget "NSDataDetector" */ = {
			isa = XCConfigurationList;
			buildConfigurations = (
				F95C69D51CA80E930071349F /* Debug */,
				F95C69D61CA80E930071349F /* Release */,
			);
			defaultConfigurationIsVisible = 0;
		};
/* End XCConfigurationList section */
	};
	rootObject = F95C69BA1CA80E930071349F /* Project object */;
}
